// !$*UTF8*$!
{
	archiveVersion = 1;
	classes = {
	};
	objectVersion = 56;
	objects = {

/* Begin PBXBuildFile section */
		60A58A8F291FCB3100BAA877 /* AppDelegate.swift in Sources */ = {isa = PBXBuildFile; fileRef = 60A58A8E291FCB3100BAA877 /* AppDelegate.swift */; };
		60A58A91291FCB3100BAA877 /* SceneDelegate.swift in Sources */ = {isa = PBXBuildFile; fileRef = 60A58A90291FCB3100BAA877 /* SceneDelegate.swift */; };
		60A58A93291FCB3100BAA877 /* ViewController.swift in Sources */ = {isa = PBXBuildFile; fileRef = 60A58A92291FCB3100BAA877 /* ViewController.swift */; };
		60A58A96291FCB3100BAA877 /* Main.storyboard in Resources */ = {isa = PBXBuildFile; fileRef = 60A58A94291FCB3100BAA877 /* Main.storyboard */; };
		60A58A99291FCB3100BAA877 /* Clic.xcdatamodeld in Sources */ = {isa = PBXBuildFile; fileRef = 60A58A97291FCB3100BAA877 /* Clic.xcdatamodeld */; };
		60A58A9B291FCB3200BAA877 /* Assets.xcassets in Resources */ = {isa = PBXBuildFile; fileRef = 60A58A9A291FCB3200BAA877 /* Assets.xcassets */; };
		60A58A9E291FCB3200BAA877 /* LaunchScreen.storyboard in Resources */ = {isa = PBXBuildFile; fileRef = 60A58A9C291FCB3200BAA877 /* LaunchScreen.storyboard */; };
		60A58AA9291FCB3300BAA877 /* ClicTests.swift in Sources */ = {isa = PBXBuildFile; fileRef = 60A58AA8291FCB3300BAA877 /* ClicTests.swift */; };
		60A58AB3291FCB3300BAA877 /* ClicUITests.swift in Sources */ = {isa = PBXBuildFile; fileRef = 60A58AB2291FCB3300BAA877 /* ClicUITests.swift */; };
		60A58AB5291FCB3300BAA877 /* ClicUITestsLaunchTests.swift in Sources */ = {isa = PBXBuildFile; fileRef = 60A58AB4291FCB3300BAA877 /* ClicUITestsLaunchTests.swift */; };
/* End PBXBuildFile section */

/* Begin PBXContainerItemProxy section */
		60A58AA5291FCB3300BAA877 /* PBXContainerItemProxy */ = {
			isa = PBXContainerItemProxy;
			containerPortal = 60A58A83291FCB3100BAA877 /* Project object */;
			proxyType = 1;
			remoteGlobalIDString = 60A58A8A291FCB3100BAA877;
			remoteInfo = Clic;
		};
		60A58AAF291FCB3300BAA877 /* PBXContainerItemProxy */ = {
			isa = PBXContainerItemProxy;
			containerPortal = 60A58A83291FCB3100BAA877 /* Project object */;
			proxyType = 1;
			remoteGlobalIDString = 60A58A8A291FCB3100BAA877;
			remoteInfo = Clic;
		};
/* End PBXContainerItemProxy section */

/* Begin PBXFileReference section */
		60A58A8B291FCB3100BAA877 /* Clic.app */ = {isa = PBXFileReference; explicitFileType = wrapper.application; includeInIndex = 0; path = Clic.app; sourceTree = BUILT_PRODUCTS_DIR; };
		60A58A8E291FCB3100BAA877 /* AppDelegate.swift */ = {isa = PBXFileReference; lastKnownFileType = sourcecode.swift; path = AppDelegate.swift; sourceTree = "<group>"; };
		60A58A90291FCB3100BAA877 /* SceneDelegate.swift */ = {isa = PBXFileReference; lastKnownFileType = sourcecode.swift; path = SceneDelegate.swift; sourceTree = "<group>"; };
		60A58A92291FCB3100BAA877 /* ViewController.swift */ = {isa = PBXFileReference; lastKnownFileType = sourcecode.swift; path = ViewController.swift; sourceTree = "<group>"; };
		60A58A95291FCB3100BAA877 /* Base */ = {isa = PBXFileReference; lastKnownFileType = file.storyboard; name = Base; path = Base.lproj/Main.storyboard; sourceTree = "<group>"; };
		60A58A98291FCB3100BAA877 /* Clic.xcdatamodel */ = {isa = PBXFileReference; lastKnownFileType = wrapper.xcdatamodel; path = Clic.xcdatamodel; sourceTree = "<group>"; };
		60A58A9A291FCB3200BAA877 /* Assets.xcassets */ = {isa = PBXFileReference; lastKnownFileType = folder.assetcatalog; path = Assets.xcassets; sourceTree = "<group>"; };
		60A58A9D291FCB3200BAA877 /* Base */ = {isa = PBXFileReference; lastKnownFileType = file.storyboard; name = Base; path = Base.lproj/LaunchScreen.storyboard; sourceTree = "<group>"; };
		60A58A9F291FCB3200BAA877 /* Info.plist */ = {isa = PBXFileReference; lastKnownFileType = text.plist.xml; path = Info.plist; sourceTree = "<group>"; };
		60A58AA4291FCB3300BAA877 /* ClicTests.xctest */ = {isa = PBXFileReference; explicitFileType = wrapper.cfbundle; includeInIndex = 0; path = ClicTests.xctest; sourceTree = BUILT_PRODUCTS_DIR; };
		60A58AA8291FCB3300BAA877 /* ClicTests.swift */ = {isa = PBXFileReference; lastKnownFileType = sourcecode.swift; path = ClicTests.swift; sourceTree = "<group>"; };
		60A58AAE291FCB3300BAA877 /* ClicUITests.xctest */ = {isa = PBXFileReference; explicitFileType = wrapper.cfbundle; includeInIndex = 0; path = ClicUITests.xctest; sourceTree = BUILT_PRODUCTS_DIR; };
		60A58AB2291FCB3300BAA877 /* ClicUITests.swift */ = {isa = PBXFileReference; lastKnownFileType = sourcecode.swift; path = ClicUITests.swift; sourceTree = "<group>"; };
		60A58AB4291FCB3300BAA877 /* ClicUITestsLaunchTests.swift */ = {isa = PBXFileReference; lastKnownFileType = sourcecode.swift; path = ClicUITestsLaunchTests.swift; sourceTree = "<group>"; };
/* End PBXFileReference section */

/* Begin PBXFrameworksBuildPhase section */
		60A58A88291FCB3100BAA877 /* Frameworks */ = {
			isa = PBXFrameworksBuildPhase;
			buildActionMask = 2147483647;
			files = (
			);
			runOnlyForDeploymentPostprocessing = 0;
		};
		60A58AA1291FCB3300BAA877 /* Frameworks */ = {
			isa = PBXFrameworksBuildPhase;
			buildActionMask = 2147483647;
			files = (
			);
			runOnlyForDeploymentPostprocessing = 0;
		};
		60A58AAB291FCB3300BAA877 /* Frameworks */ = {
			isa = PBXFrameworksBuildPhase;
			buildActionMask = 2147483647;
			files = (
			);
			runOnlyForDeploymentPostprocessing = 0;
		};
/* End PBXFrameworksBuildPhase section */

/* Begin PBXGroup section */
		60A58A82291FCB3100BAA877 = {
			isa = PBXGroup;
			children = (
				60A58A8D291FCB3100BAA877 /* Clic */,
				60A58AA7291FCB3300BAA877 /* ClicTests */,
				60A58AB1291FCB3300BAA877 /* ClicUITests */,
				60A58A8C291FCB3100BAA877 /* Products */,
			);
			sourceTree = "<group>";
		};
		60A58A8C291FCB3100BAA877 /* Products */ = {
			isa = PBXGroup;
			children = (
				60A58A8B291FCB3100BAA877 /* Clic.app */,
				60A58AA4291FCB3300BAA877 /* ClicTests.xctest */,
				60A58AAE291FCB3300BAA877 /* ClicUITests.xctest */,
			);
			name = Products;
			sourceTree = "<group>";
		};
		60A58A8D291FCB3100BAA877 /* Clic */ = {
			isa = PBXGroup;
			children = (
				60A58A8E291FCB3100BAA877 /* AppDelegate.swift */,
				60A58A90291FCB3100BAA877 /* SceneDelegate.swift */,
				60A58A92291FCB3100BAA877 /* ViewController.swift */,
				60A58A94291FCB3100BAA877 /* Main.storyboard */,
				60A58A9A291FCB3200BAA877 /* Assets.xcassets */,
				60A58A9C291FCB3200BAA877 /* LaunchScreen.storyboard */,
				60A58A9F291FCB3200BAA877 /* Info.plist */,
				60A58A97291FCB3100BAA877 /* Clic.xcdatamodeld */,
			);
			path = Clic;
			sourceTree = "<group>";
		};
		60A58AA7291FCB3300BAA877 /* ClicTests */ = {
			isa = PBXGroup;
			children = (
				60A58AA8291FCB3300BAA877 /* ClicTests.swift */,
			);
			path = ClicTests;
			sourceTree = "<group>";
		};
		60A58AB1291FCB3300BAA877 /* ClicUITests */ = {
			isa = PBXGroup;
			children = (
				60A58AB2291FCB3300BAA877 /* ClicUITests.swift */,
				60A58AB4291FCB3300BAA877 /* ClicUITestsLaunchTests.swift */,
			);
			path = ClicUITests;
			sourceTree = "<group>";
		};
/* End PBXGroup section */

/* Begin PBXNativeTarget section */
		60A58A8A291FCB3100BAA877 /* Clic */ = {
			isa = PBXNativeTarget;
			buildConfigurationList = 60A58AB8291FCB3300BAA877 /* Build configuration list for PBXNativeTarget "Clic" */;
			buildPhases = (
				60A58A87291FCB3100BAA877 /* Sources */,
				60A58A88291FCB3100BAA877 /* Frameworks */,
				60A58A89291FCB3100BAA877 /* Resources */,
			);
			buildRules = (
			);
			dependencies = (
			);
			name = Clic;
			productName = Clic;
			productReference = 60A58A8B291FCB3100BAA877 /* Clic.app */;
			productType = "com.apple.product-type.application";
		};
		60A58AA3291FCB3300BAA877 /* ClicTests */ = {
			isa = PBXNativeTarget;
			buildConfigurationList = 60A58ABB291FCB3300BAA877 /* Build configuration list for PBXNativeTarget "ClicTests" */;
			buildPhases = (
				60A58AA0291FCB3300BAA877 /* Sources */,
				60A58AA1291FCB3300BAA877 /* Frameworks */,
				60A58AA2291FCB3300BAA877 /* Resources */,
			);
			buildRules = (
			);
			dependencies = (
				60A58AA6291FCB3300BAA877 /* PBXTargetDependency */,
			);
			name = ClicTests;
			productName = ClicTests;
			productReference = 60A58AA4291FCB3300BAA877 /* ClicTests.xctest */;
			productType = "com.apple.product-type.bundle.unit-test";
		};
		60A58AAD291FCB3300BAA877 /* ClicUITests */ = {
			isa = PBXNativeTarget;
			buildConfigurationList = 60A58ABE291FCB3300BAA877 /* Build configuration list for PBXNativeTarget "ClicUITests" */;
			buildPhases = (
				60A58AAA291FCB3300BAA877 /* Sources */,
				60A58AAB291FCB3300BAA877 /* Frameworks */,
				60A58AAC291FCB3300BAA877 /* Resources */,
			);
			buildRules = (
			);
			dependencies = (
				60A58AB0291FCB3300BAA877 /* PBXTargetDependency */,
			);
			name = ClicUITests;
			productName = ClicUITests;
			productReference = 60A58AAE291FCB3300BAA877 /* ClicUITests.xctest */;
			productType = "com.apple.product-type.bundle.ui-testing";
		};
/* End PBXNativeTarget section */

/* Begin PBXProject section */
		60A58A83291FCB3100BAA877 /* Project object */ = {
			isa = PBXProject;
			attributes = {
				BuildIndependentTargetsInParallel = 1;
				LastSwiftUpdateCheck = 1410;
				LastUpgradeCheck = 1410;
				TargetAttributes = {
					60A58A8A291FCB3100BAA877 = {
						CreatedOnToolsVersion = 14.1;
					};
					60A58AA3291FCB3300BAA877 = {
						CreatedOnToolsVersion = 14.1;
						TestTargetID = 60A58A8A291FCB3100BAA877;
					};
					60A58AAD291FCB3300BAA877 = {
						CreatedOnToolsVersion = 14.1;
						TestTargetID = 60A58A8A291FCB3100BAA877;
					};
				};
			};
			buildConfigurationList = 60A58A86291FCB3100BAA877 /* Build configuration list for PBXProject "Clic" */;
			compatibilityVersion = "Xcode 14.0";
			developmentRegion = en;
			hasScannedForEncodings = 0;
			knownRegions = (
				en,
				Base,
			);
			mainGroup = 60A58A82291FCB3100BAA877;
			productRefGroup = 60A58A8C291FCB3100BAA877 /* Products */;
			projectDirPath = "";
			projectRoot = "";
			targets = (
				60A58A8A291FCB3100BAA877 /* Clic */,
				60A58AA3291FCB3300BAA877 /* ClicTests */,
				60A58AAD291FCB3300BAA877 /* ClicUITests */,
			);
		};
/* End PBXProject section */

/* Begin PBXResourcesBuildPhase section */
		60A58A89291FCB3100BAA877 /* Resources */ = {
			isa = PBXResourcesBuildPhase;
			buildActionMask = 2147483647;
			files = (
				60A58A9E291FCB3200BAA877 /* LaunchScreen.storyboard in Resources */,
				60A58A9B291FCB3200BAA877 /* Assets.xcassets in Resources */,
				60A58A96291FCB3100BAA877 /* Main.storyboard in Resources */,
			);
			runOnlyForDeploymentPostprocessing = 0;
		};
		60A58AA2291FCB3300BAA877 /* Resources */ = {
			isa = PBXResourcesBuildPhase;
			buildActionMask = 2147483647;
			files = (
			);
			runOnlyForDeploymentPostprocessing = 0;
		};
		60A58AAC291FCB3300BAA877 /* Resources */ = {
			isa = PBXResourcesBuildPhase;
			buildActionMask = 2147483647;
			files = (
			);
			runOnlyForDeploymentPostprocessing = 0;
		};
/* End PBXResourcesBuildPhase section */

/* Begin PBXSourcesBuildPhase section */
		60A58A87291FCB3100BAA877 /* Sources */ = {
			isa = PBXSourcesBuildPhase;
			buildActionMask = 2147483647;
			files = (
				60A58A99291FCB3100BAA877 /* Clic.xcdatamodeld in Sources */,
				60A58A93291FCB3100BAA877 /* ViewController.swift in Sources */,
				60A58A8F291FCB3100BAA877 /* AppDelegate.swift in Sources */,
				60A58A91291FCB3100BAA877 /* SceneDelegate.swift in Sources */,
			);
			runOnlyForDeploymentPostprocessing = 0;
		};
		60A58AA0291FCB3300BAA877 /* Sources */ = {
			isa = PBXSourcesBuildPhase;
			buildActionMask = 2147483647;
			files = (
				60A58AA9291FCB3300BAA877 /* ClicTests.swift in Sources */,
			);
			runOnlyForDeploymentPostprocessing = 0;
		};
		60A58AAA291FCB3300BAA877 /* Sources */ = {
			isa = PBXSourcesBuildPhase;
			buildActionMask = 2147483647;
			files = (
				60A58AB3291FCB3300BAA877 /* ClicUITests.swift in Sources */,
				60A58AB5291FCB3300BAA877 /* ClicUITestsLaunchTests.swift in Sources */,
			);
			runOnlyForDeploymentPostprocessing = 0;
		};
/* End PBXSourcesBuildPhase section */

/* Begin PBXTargetDependency section */
		60A58AA6291FCB3300BAA877 /* PBXTargetDependency */ = {
			isa = PBXTargetDependency;
			target = 60A58A8A291FCB3100BAA877 /* Clic */;
			targetProxy = 60A58AA5291FCB3300BAA877 /* PBXContainerItemProxy */;
		};
		60A58AB0291FCB3300BAA877 /* PBXTargetDependency */ = {
			isa = PBXTargetDependency;
			target = 60A58A8A291FCB3100BAA877 /* Clic */;
			targetProxy = 60A58AAF291FCB3300BAA877 /* PBXContainerItemProxy */;
		};
/* End PBXTargetDependency section */

/* Begin PBXVariantGroup section */
		60A58A94291FCB3100BAA877 /* Main.storyboard */ = {
			isa = PBXVariantGroup;
			children = (
				60A58A95291FCB3100BAA877 /* Base */,
			);
			name = Main.storyboard;
			sourceTree = "<group>";
		};
		60A58A9C291FCB3200BAA877 /* LaunchScreen.storyboard */ = {
			isa = PBXVariantGroup;
			children = (
				60A58A9D291FCB3200BAA877 /* Base */,
			);
			name = LaunchScreen.storyboard;
			sourceTree = "<group>";
		};
/* End PBXVariantGroup section */

/* Begin XCBuildConfiguration section */
		60A58AB6291FCB3300BAA877 /* Debug */ = {
			isa = XCBuildConfiguration;
			buildSettings = {
				ALWAYS_SEARCH_USER_PATHS = NO;
				CLANG_ANALYZER_NONNULL = YES;
				CLANG_ANALYZER_NUMBER_OBJECT_CONVERSION = YES_AGGRESSIVE;
				CLANG_CXX_LANGUAGE_STANDARD = "gnu++20";
				CLANG_ENABLE_MODULES = YES;
				CLANG_ENABLE_OBJC_ARC = YES;
				CLANG_ENABLE_OBJC_WEAK = YES;
				CLANG_WARN_BLOCK_CAPTURE_AUTORELEASING = YES;
				CLANG_WARN_BOOL_CONVERSION = YES;
				CLANG_WARN_COMMA = YES;
				CLANG_WARN_CONSTANT_CONVERSION = YES;
				CLANG_WARN_DEPRECATED_OBJC_IMPLEMENTATIONS = YES;
				CLANG_WARN_DIRECT_OBJC_ISA_USAGE = YES_ERROR;
				CLANG_WARN_DOCUMENTATION_COMMENTS = YES;
				CLANG_WARN_EMPTY_BODY = YES;
				CLANG_WARN_ENUM_CONVERSION = YES;
				CLANG_WARN_INFINITE_RECURSION = YES;
				CLANG_WARN_INT_CONVERSION = YES;
				CLANG_WARN_NON_LITERAL_NULL_CONVERSION = YES;
				CLANG_WARN_OBJC_IMPLICIT_RETAIN_SELF = YES;
				CLANG_WARN_OBJC_LITERAL_CONVERSION = YES;
				CLANG_WARN_OBJC_ROOT_CLASS = YES_ERROR;
				CLANG_WARN_QUOTED_INCLUDE_IN_FRAMEWORK_HEADER = YES;
				CLANG_WARN_RANGE_LOOP_ANALYSIS = YES;
				CLANG_WARN_STRICT_PROTOTYPES = YES;
				CLANG_WARN_SUSPICIOUS_MOVE = YES;
				CLANG_WARN_UNGUARDED_AVAILABILITY = YES_AGGRESSIVE;
				CLANG_WARN_UNREACHABLE_CODE = YES;
				CLANG_WARN__DUPLICATE_METHOD_MATCH = YES;
				COPY_PHASE_STRIP = NO;
				DEBUG_INFORMATION_FORMAT = dwarf;
				ENABLE_STRICT_OBJC_MSGSEND = YES;
				ENABLE_TESTABILITY = YES;
				GCC_C_LANGUAGE_STANDARD = gnu11;
				GCC_DYNAMIC_NO_PIC = NO;
				GCC_NO_COMMON_BLOCKS = YES;
				GCC_OPTIMIZATION_LEVEL = 0;
				GCC_PREPROCESSOR_DEFINITIONS = (
					"DEBUG=1",
					"$(inherited)",
				);
				GCC_WARN_64_TO_32_BIT_CONVERSION = YES;
				GCC_WARN_ABOUT_RETURN_TYPE = YES_ERROR;
				GCC_WARN_UNDECLARED_SELECTOR = YES;
				GCC_WARN_UNINITIALIZED_AUTOS = YES_AGGRESSIVE;
				GCC_WARN_UNUSED_FUNCTION = YES;
				GCC_WARN_UNUSED_VARIABLE = YES;
				IPHONEOS_DEPLOYMENT_TARGET = 16.1;
				MTL_ENABLE_DEBUG_INFO = INCLUDE_SOURCE;
				MTL_FAST_MATH = YES;
				ONLY_ACTIVE_ARCH = YES;
				SDKROOT = iphoneos;
				SWIFT_ACTIVE_COMPILATION_CONDITIONS = DEBUG;
				SWIFT_OPTIMIZATION_LEVEL = "-Onone";
			};
			name = Debug;
		};
		60A58AB7291FCB3300BAA877 /* Release */ = {
			isa = XCBuildConfiguration;
			buildSettings = {
				ALWAYS_SEARCH_USER_PATHS = NO;
				CLANG_ANALYZER_NONNULL = YES;
				CLANG_ANALYZER_NUMBER_OBJECT_CONVERSION = YES_AGGRESSIVE;
				CLANG_CXX_LANGUAGE_STANDARD = "gnu++20";
				CLANG_ENABLE_MODULES = YES;
				CLANG_ENABLE_OBJC_ARC = YES;
				CLANG_ENABLE_OBJC_WEAK = YES;
				CLANG_WARN_BLOCK_CAPTURE_AUTORELEASING = YES;
				CLANG_WARN_BOOL_CONVERSION = YES;
				CLANG_WARN_COMMA = YES;
				CLANG_WARN_CONSTANT_CONVERSION = YES;
				CLANG_WARN_DEPRECATED_OBJC_IMPLEMENTATIONS = YES;
				CLANG_WARN_DIRECT_OBJC_ISA_USAGE = YES_ERROR;
				CLANG_WARN_DOCUMENTATION_COMMENTS = YES;
				CLANG_WARN_EMPTY_BODY = YES;
				CLANG_WARN_ENUM_CONVERSION = YES;
				CLANG_WARN_INFINITE_RECURSION = YES;
				CLANG_WARN_INT_CONVERSION = YES;
				CLANG_WARN_NON_LITERAL_NULL_CONVERSION = YES;
				CLANG_WARN_OBJC_IMPLICIT_RETAIN_SELF = YES;
				CLANG_WARN_OBJC_LITERAL_CONVERSION = YES;
				CLANG_WARN_OBJC_ROOT_CLASS = YES_ERROR;
				CLANG_WARN_QUOTED_INCLUDE_IN_FRAMEWORK_HEADER = YES;
				CLANG_WARN_RANGE_LOOP_ANALYSIS = YES;
				CLANG_WARN_STRICT_PROTOTYPES = YES;
				CLANG_WARN_SUSPICIOUS_MOVE = YES;
				CLANG_WARN_UNGUARDED_AVAILABILITY = YES_AGGRESSIVE;
				CLANG_WARN_UNREACHABLE_CODE = YES;
				CLANG_WARN__DUPLICATE_METHOD_MATCH = YES;
				COPY_PHASE_STRIP = NO;
				DEBUG_INFORMATION_FORMAT = "dwarf-with-dsym";
				ENABLE_NS_ASSERTIONS = NO;
				ENABLE_STRICT_OBJC_MSGSEND = YES;
				GCC_C_LANGUAGE_STANDARD = gnu11;
				GCC_NO_COMMON_BLOCKS = YES;
				GCC_WARN_64_TO_32_BIT_CONVERSION = YES;
				GCC_WARN_ABOUT_RETURN_TYPE = YES_ERROR;
				GCC_WARN_UNDECLARED_SELECTOR = YES;
				GCC_WARN_UNINITIALIZED_AUTOS = YES_AGGRESSIVE;
				GCC_WARN_UNUSED_FUNCTION = YES;
				GCC_WARN_UNUSED_VARIABLE = YES;
				IPHONEOS_DEPLOYMENT_TARGET = 16.1;
				MTL_ENABLE_DEBUG_INFO = NO;
				MTL_FAST_MATH = YES;
				SDKROOT = iphoneos;
				SWIFT_COMPILATION_MODE = wholemodule;
				SWIFT_OPTIMIZATION_LEVEL = "-O";
				VALIDATE_PRODUCT = YES;
			};
			name = Release;
		};
		60A58AB9291FCB3300BAA877 /* Debug */ = {
			isa = XCBuildConfiguration;
			buildSettings = {
				ASSETCATALOG_COMPILER_APPICON_NAME = AppIcon;
				ASSETCATALOG_COMPILER_GLOBAL_ACCENT_COLOR_NAME = AccentColor;
				CODE_SIGN_STYLE = Automatic;
				CURRENT_PROJECT_VERSION = 1;
				DEVELOPMENT_TEAM = 9XQN429298;
				GENERATE_INFOPLIST_FILE = YES;
				INFOPLIST_FILE = Clic/Info.plist;
				INFOPLIST_KEY_UIApplicationSupportsIndirectInputEvents = YES;
				INFOPLIST_KEY_UILaunchStoryboardName = LaunchScreen;
				INFOPLIST_KEY_UIMainStoryboardFile = Main;
				INFOPLIST_KEY_UISupportedInterfaceOrientations_iPad = "UIInterfaceOrientationPortrait UIInterfaceOrientationPortraitUpsideDown UIInterfaceOrientationLandscapeLeft UIInterfaceOrientationLandscapeRight";
				INFOPLIST_KEY_UISupportedInterfaceOrientations_iPhone = "UIInterfaceOrientationPortrait UIInterfaceOrientationLandscapeLeft UIInterfaceOrientationLandscapeRight";
				LD_RUNPATH_SEARCH_PATHS = (
					"$(inherited)",
					"@executable_path/Frameworks",
				);
				MARKETING_VERSION = 1.0;
				PRODUCT_BUNDLE_IDENTIFIER = com.jesseoseafiana.Clic;
				PRODUCT_NAME = "$(TARGET_NAME)";
				SWIFT_EMIT_LOC_STRINGS = YES;
				SWIFT_VERSION = 5.0;
				TARGETED_DEVICE_FAMILY = "1,2";
			};
			name = Debug;
		};
		60A58ABA291FCB3300BAA877 /* Release */ = {
			isa = XCBuildConfiguration;
			buildSettings = {
				ASSETCATALOG_COMPILER_APPICON_NAME = AppIcon;
				ASSETCATALOG_COMPILER_GLOBAL_ACCENT_COLOR_NAME = AccentColor;
				CODE_SIGN_STYLE = Automatic;
				CURRENT_PROJECT_VERSION = 1;
				DEVELOPMENT_TEAM = 9XQN429298;
				GENERATE_INFOPLIST_FILE = YES;
				INFOPLIST_FILE = Clic/Info.plist;
				INFOPLIST_KEY_UIApplicationSupportsIndirectInputEvents = YES;
				INFOPLIST_KEY_UILaunchStoryboardName = LaunchScreen;
				INFOPLIST_KEY_UIMainStoryboardFile = Main;
				INFOPLIST_KEY_UISupportedInterfaceOrientations_iPad = "UIInterfaceOrientationPortrait UIInterfaceOrientationPortraitUpsideDown UIInterfaceOrientationLandscapeLeft UIInterfaceOrientationLandscapeRight";
				INFOPLIST_KEY_UISupportedInterfaceOrientations_iPhone = "UIInterfaceOrientationPortrait UIInterfaceOrientationLandscapeLeft UIInterfaceOrientationLandscapeRight";
				LD_RUNPATH_SEARCH_PATHS = (
					"$(inherited)",
					"@executable_path/Frameworks",
				);
				MARKETING_VERSION = 1.0;
				PRODUCT_BUNDLE_IDENTIFIER = com.jesseoseafiana.Clic;
				PRODUCT_NAME = "$(TARGET_NAME)";
				SWIFT_EMIT_LOC_STRINGS = YES;
				SWIFT_VERSION = 5.0;
				TARGETED_DEVICE_FAMILY = "1,2";
			};
			name = Release;
		};
		60A58ABC291FCB3300BAA877 /* Debug */ = {
			isa = XCBuildConfiguration;
			buildSettings = {
				ALWAYS_EMBED_SWIFT_STANDARD_LIBRARIES = YES;
				BUNDLE_LOADER = "$(TEST_HOST)";
				CODE_SIGN_STYLE = Automatic;
				CURRENT_PROJECT_VERSION = 1;
				DEVELOPMENT_TEAM = 9XQN429298;
				GENERATE_INFOPLIST_FILE = YES;
				IPHONEOS_DEPLOYMENT_TARGET = 16.1;
				MARKETING_VERSION = 1.0;
				PRODUCT_BUNDLE_IDENTIFIER = com.jesseoseafiana.ClicTests;
				PRODUCT_NAME = "$(TARGET_NAME)";
				SWIFT_EMIT_LOC_STRINGS = NO;
				SWIFT_VERSION = 5.0;
				TARGETED_DEVICE_FAMILY = "1,2";
				TEST_HOST = "$(BUILT_PRODUCTS_DIR)/Clic.app/$(BUNDLE_EXECUTABLE_FOLDER_PATH)/Clic";
			};
			name = Debug;
		};
		60A58ABD291FCB3300BAA877 /* Release */ = {
			isa = XCBuildConfiguration;
			buildSettings = {
				ALWAYS_EMBED_SWIFT_STANDARD_LIBRARIES = YES;
				BUNDLE_LOADER = "$(TEST_HOST)";
				CODE_SIGN_STYLE = Automatic;
				CURRENT_PROJECT_VERSION = 1;
				DEVELOPMENT_TEAM = 9XQN429298;
				GENERATE_INFOPLIST_FILE = YES;
				IPHONEOS_DEPLOYMENT_TARGET = 16.1;
				MARKETING_VERSION = 1.0;
				PRODUCT_BUNDLE_IDENTIFIER = com.jesseoseafiana.ClicTests;
				PRODUCT_NAME = "$(TARGET_NAME)";
				SWIFT_EMIT_LOC_STRINGS = NO;
				SWIFT_VERSION = 5.0;
				TARGETED_DEVICE_FAMILY = "1,2";
				TEST_HOST = "$(BUILT_PRODUCTS_DIR)/Clic.app/$(BUNDLE_EXECUTABLE_FOLDER_PATH)/Clic";
			};
			name = Release;
		};
		60A58ABF291FCB3300BAA877 /* Debug */ = {
			isa = XCBuildConfiguration;
			buildSettings = {
				ALWAYS_EMBED_SWIFT_STANDARD_LIBRARIES = YES;
				CODE_SIGN_STYLE = Automatic;
				CURRENT_PROJECT_VERSION = 1;
				DEVELOPMENT_TEAM = 9XQN429298;
				GENERATE_INFOPLIST_FILE = YES;
				MARKETING_VERSION = 1.0;
				PRODUCT_BUNDLE_IDENTIFIER = com.jesseoseafiana.ClicUITests;
				PRODUCT_NAME = "$(TARGET_NAME)";
				SWIFT_EMIT_LOC_STRINGS = NO;
				SWIFT_VERSION = 5.0;
				TARGETED_DEVICE_FAMILY = "1,2";
				TEST_TARGET_NAME = Clic;
			};
			name = Debug;
		};
		60A58AC0291FCB3300BAA877 /* Release */ = {
			isa = XCBuildConfiguration;
			buildSettings = {
				ALWAYS_EMBED_SWIFT_STANDARD_LIBRARIES = YES;
				CODE_SIGN_STYLE = Automatic;
				CURRENT_PROJECT_VERSION = 1;
				DEVELOPMENT_TEAM = 9XQN429298;
				GENERATE_INFOPLIST_FILE = YES;
				MARKETING_VERSION = 1.0;
				PRODUCT_BUNDLE_IDENTIFIER = com.jesseoseafiana.ClicUITests;
				PRODUCT_NAME = "$(TARGET_NAME)";
				SWIFT_EMIT_LOC_STRINGS = NO;
				SWIFT_VERSION = 5.0;
				TARGETED_DEVICE_FAMILY = "1,2";
				TEST_TARGET_NAME = Clic;
			};
			name = Release;
		};
/* End XCBuildConfiguration section */

/* Begin XCConfigurationList section */
		60A58A86291FCB3100BAA877 /* Build configuration list for PBXProject "Clic" */ = {
			isa = XCConfigurationList;
			buildConfigurations = (
				60A58AB6291FCB3300BAA877 /* Debug */,
				60A58AB7291FCB3300BAA877 /* Release */,
			);
			defaultConfigurationIsVisible = 0;
			defaultConfigurationName = Release;
		};
		60A58AB8291FCB3300BAA877 /* Build configuration list for PBXNativeTarget "Clic" */ = {
			isa = XCConfigurationList;
			buildConfigurations = (
				60A58AB9291FCB3300BAA877 /* Debug */,
				60A58ABA291FCB3300BAA877 /* Release */,
			);
			defaultConfigurationIsVisible = 0;
			defaultConfigurationName = Release;
		};
		60A58ABB291FCB3300BAA877 /* Build configuration list for PBXNativeTarget "ClicTests" */ = {
			isa = XCConfigurationList;
			buildConfigurations = (
				60A58ABC291FCB3300BAA877 /* Debug */,
				60A58ABD291FCB3300BAA877 /* Release */,
			);
			defaultConfigurationIsVisible = 0;
			defaultConfigurationName = Release;
		};
		60A58ABE291FCB3300BAA877 /* Build configuration list for PBXNativeTarget "ClicUITests" */ = {
			isa = XCConfigurationList;
			buildConfigurations = (
				60A58ABF291FCB3300BAA877 /* Debug */,
				60A58AC0291FCB3300BAA877 /* Release */,
			);
			defaultConfigurationIsVisible = 0;
			defaultConfigurationName = Release;
		};
/* End XCConfigurationList section */

/* Begin XCVersionGroup section */
		60A58A97291FCB3100BAA877 /* Clic.xcdatamodeld */ = {
			isa = XCVersionGroup;
			children = (
				60A58A98291FCB3100BAA877 /* Clic.xcdatamodel */,
			);
			currentVersion = 60A58A98291FCB3100BAA877 /* Clic.xcdatamodel */;
			path = Clic.xcdatamodeld;
			sourceTree = "<group>";
			versionGroupType = wrapper.xcdatamodel;
		};
/* End XCVersionGroup section */
	};
	rootObject = 60A58A83291FCB3100BAA877 /* Project object */;
}
