// !$*UTF8*$!
{
	archiveVersion = 1;
	classes = {
	};
	objectVersion = 53;
	objects = {

/* Begin PBXBuildFile section */
		04E25E5314A4C72CC5455A6B /* Pods_ClicAppTests.framework in Frameworks */ = {isa = PBXBuildFile; fileRef = A53150F30A7F43DE1B915F0D /* Pods_ClicAppTests.framework */; };
		60AC3037290CC5AC00503515 /* AppDelegate.swift in Sources */ = {isa = PBXBuildFile; fileRef = 60AC3036290CC5AC00503515 /* AppDelegate.swift */; };
		60AC3039290CC5AC00503515 /* SceneDelegate.swift in Sources */ = {isa = PBXBuildFile; fileRef = 60AC3038290CC5AC00503515 /* SceneDelegate.swift */; };
		60AC303B290CC5AC00503515 /* ViewController.swift in Sources */ = {isa = PBXBuildFile; fileRef = 60AC303A290CC5AC00503515 /* ViewController.swift */; };
		60AC303E290CC5AC00503515 /* Main.storyboard in Resources */ = {isa = PBXBuildFile; fileRef = 60AC303C290CC5AC00503515 /* Main.storyboard */; };
		60AC3041290CC5AC00503515 /* ClicApp.xcdatamodeld in Sources */ = {isa = PBXBuildFile; fileRef = 60AC303F290CC5AC00503515 /* ClicApp.xcdatamodeld */; };
		60AC3043290CC5AD00503515 /* Assets.xcassets in Resources */ = {isa = PBXBuildFile; fileRef = 60AC3042290CC5AD00503515 /* Assets.xcassets */; };
		60AC3046290CC5AD00503515 /* LaunchScreen.storyboard in Resources */ = {isa = PBXBuildFile; fileRef = 60AC3044290CC5AD00503515 /* LaunchScreen.storyboard */; };
		60AC3051290CC5AE00503515 /* ClicAppTests.swift in Sources */ = {isa = PBXBuildFile; fileRef = 60AC3050290CC5AE00503515 /* ClicAppTests.swift */; };
		60AC305B290CC5AE00503515 /* ClicAppUITests.swift in Sources */ = {isa = PBXBuildFile; fileRef = 60AC305A290CC5AE00503515 /* ClicAppUITests.swift */; };
		60AC305D290CC5AE00503515 /* ClicAppUITestsLaunchTests.swift in Sources */ = {isa = PBXBuildFile; fileRef = 60AC305C290CC5AE00503515 /* ClicAppUITestsLaunchTests.swift */; };
		71BA2B899385EC67F9753A9E /* Pods_ClicApp_ClicAppUITests.framework in Frameworks */ = {isa = PBXBuildFile; fileRef = 24118975B80A167CA89B75FB /* Pods_ClicApp_ClicAppUITests.framework */; };
		8668DDF82917404100D9DF0D /* credentials.plist in Resources */ = {isa = PBXBuildFile; fileRef = 8668DDF72917404100D9DF0D /* credentials.plist */; };
		D4027873B0A15964C335228F /* Pods_ClicApp.framework in Frameworks */ = {isa = PBXBuildFile; fileRef = 81861EEA29A4F2C0B7A7DB8C /* Pods_ClicApp.framework */; };
/* End PBXBuildFile section */

/* Begin PBXContainerItemProxy section */
		60AC304D290CC5AE00503515 /* PBXContainerItemProxy */ = {
			isa = PBXContainerItemProxy;
			containerPortal = 60AC302B290CC5AC00503515 /* Project object */;
			proxyType = 1;
			remoteGlobalIDString = 60AC3032290CC5AC00503515;
			remoteInfo = ClicApp;
		};
		60AC3057290CC5AE00503515 /* PBXContainerItemProxy */ = {
			isa = PBXContainerItemProxy;
			containerPortal = 60AC302B290CC5AC00503515 /* Project object */;
			proxyType = 1;
			remoteGlobalIDString = 60AC3032290CC5AC00503515;
			remoteInfo = ClicApp;
		};
/* End PBXContainerItemProxy section */

/* Begin PBXFileReference section */
		13B90A463EC7A57C308BAFBE /* Pods-ClicApp.release.xcconfig */ = {isa = PBXFileReference; includeInIndex = 1; lastKnownFileType = text.xcconfig; name = "Pods-ClicApp.release.xcconfig"; path = "Target Support Files/Pods-ClicApp/Pods-ClicApp.release.xcconfig"; sourceTree = "<group>"; };
		24118975B80A167CA89B75FB /* Pods_ClicApp_ClicAppUITests.framework */ = {isa = PBXFileReference; explicitFileType = wrapper.framework; includeInIndex = 0; path = Pods_ClicApp_ClicAppUITests.framework; sourceTree = BUILT_PRODUCTS_DIR; };
		4CE15B37A017BE1AB3EFA2A7 /* Pods-ClicAppTests.debug.xcconfig */ = {isa = PBXFileReference; includeInIndex = 1; lastKnownFileType = text.xcconfig; name = "Pods-ClicAppTests.debug.xcconfig"; path = "Target Support Files/Pods-ClicAppTests/Pods-ClicAppTests.debug.xcconfig"; sourceTree = "<group>"; };
		58F83F3451B050CD6D0866B5 /* Pods-ClicApp-ClicAppUITests.debug.xcconfig */ = {isa = PBXFileReference; includeInIndex = 1; lastKnownFileType = text.xcconfig; name = "Pods-ClicApp-ClicAppUITests.debug.xcconfig"; path = "Target Support Files/Pods-ClicApp-ClicAppUITests/Pods-ClicApp-ClicAppUITests.debug.xcconfig"; sourceTree = "<group>"; };
		60AC3033290CC5AC00503515 /* ClicApp.app */ = {isa = PBXFileReference; explicitFileType = wrapper.application; includeInIndex = 0; path = ClicApp.app; sourceTree = BUILT_PRODUCTS_DIR; };
		60AC3036290CC5AC00503515 /* AppDelegate.swift */ = {isa = PBXFileReference; lastKnownFileType = sourcecode.swift; path = AppDelegate.swift; sourceTree = "<group>"; };
		60AC3038290CC5AC00503515 /* SceneDelegate.swift */ = {isa = PBXFileReference; lastKnownFileType = sourcecode.swift; path = SceneDelegate.swift; sourceTree = "<group>"; };
		60AC303A290CC5AC00503515 /* ViewController.swift */ = {isa = PBXFileReference; lastKnownFileType = sourcecode.swift; path = ViewController.swift; sourceTree = "<group>"; };
		60AC303D290CC5AC00503515 /* Base */ = {isa = PBXFileReference; lastKnownFileType = file.storyboard; name = Base; path = Base.lproj/Main.storyboard; sourceTree = "<group>"; };
		60AC3040290CC5AC00503515 /* ClicApp.xcdatamodel */ = {isa = PBXFileReference; lastKnownFileType = wrapper.xcdatamodel; path = ClicApp.xcdatamodel; sourceTree = "<group>"; };
		60AC3042290CC5AD00503515 /* Assets.xcassets */ = {isa = PBXFileReference; lastKnownFileType = folder.assetcatalog; path = Assets.xcassets; sourceTree = "<group>"; };
		60AC3045290CC5AD00503515 /* Base */ = {isa = PBXFileReference; lastKnownFileType = file.storyboard; name = Base; path = Base.lproj/LaunchScreen.storyboard; sourceTree = "<group>"; };
		60AC3047290CC5AD00503515 /* Info.plist */ = {isa = PBXFileReference; lastKnownFileType = text.plist.xml; path = Info.plist; sourceTree = "<group>"; };
		60AC304C290CC5AE00503515 /* ClicAppTests.xctest */ = {isa = PBXFileReference; explicitFileType = wrapper.cfbundle; includeInIndex = 0; path = ClicAppTests.xctest; sourceTree = BUILT_PRODUCTS_DIR; };
		60AC3050290CC5AE00503515 /* ClicAppTests.swift */ = {isa = PBXFileReference; lastKnownFileType = sourcecode.swift; path = ClicAppTests.swift; sourceTree = "<group>"; };
		60AC3056290CC5AE00503515 /* ClicAppUITests.xctest */ = {isa = PBXFileReference; explicitFileType = wrapper.cfbundle; includeInIndex = 0; path = ClicAppUITests.xctest; sourceTree = BUILT_PRODUCTS_DIR; };
		60AC305A290CC5AE00503515 /* ClicAppUITests.swift */ = {isa = PBXFileReference; lastKnownFileType = sourcecode.swift; path = ClicAppUITests.swift; sourceTree = "<group>"; };
		60AC305C290CC5AE00503515 /* ClicAppUITestsLaunchTests.swift */ = {isa = PBXFileReference; lastKnownFileType = sourcecode.swift; path = ClicAppUITestsLaunchTests.swift; sourceTree = "<group>"; };
		81861EEA29A4F2C0B7A7DB8C /* Pods_ClicApp.framework */ = {isa = PBXFileReference; explicitFileType = wrapper.framework; includeInIndex = 0; path = Pods_ClicApp.framework; sourceTree = BUILT_PRODUCTS_DIR; };
		8668DDF72917404100D9DF0D /* credentials.plist */ = {isa = PBXFileReference; fileEncoding = 4; lastKnownFileType = text.plist.xml; path = credentials.plist; sourceTree = "<group>"; };
		9D0E7B1322577C39727BA27E /* Pods-ClicApp-ClicAppUITests.release.xcconfig */ = {isa = PBXFileReference; includeInIndex = 1; lastKnownFileType = text.xcconfig; name = "Pods-ClicApp-ClicAppUITests.release.xcconfig"; path = "Target Support Files/Pods-ClicApp-ClicAppUITests/Pods-ClicApp-ClicAppUITests.release.xcconfig"; sourceTree = "<group>"; };
		A53150F30A7F43DE1B915F0D /* Pods_ClicAppTests.framework */ = {isa = PBXFileReference; explicitFileType = wrapper.framework; includeInIndex = 0; path = Pods_ClicAppTests.framework; sourceTree = BUILT_PRODUCTS_DIR; };
		CA5FA7641FD0043EE7789AE4 /* Pods-ClicApp.debug.xcconfig */ = {isa = PBXFileReference; includeInIndex = 1; lastKnownFileType = text.xcconfig; name = "Pods-ClicApp.debug.xcconfig"; path = "Target Support Files/Pods-ClicApp/Pods-ClicApp.debug.xcconfig"; sourceTree = "<group>"; };
		E2B3DA9530F31F538C060926 /* Pods-ClicAppTests.release.xcconfig */ = {isa = PBXFileReference; includeInIndex = 1; lastKnownFileType = text.xcconfig; name = "Pods-ClicAppTests.release.xcconfig"; path = "Target Support Files/Pods-ClicAppTests/Pods-ClicAppTests.release.xcconfig"; sourceTree = "<group>"; };
/* End PBXFileReference section */

/* Begin PBXFrameworksBuildPhase section */
		60AC3030290CC5AC00503515 /* Frameworks */ = {
			isa = PBXFrameworksBuildPhase;
			buildActionMask = 2147483647;
			files = (
				D4027873B0A15964C335228F /* Pods_ClicApp.framework in Frameworks */,
			);
			runOnlyForDeploymentPostprocessing = 0;
		};
		60AC3049290CC5AE00503515 /* Frameworks */ = {
			isa = PBXFrameworksBuildPhase;
			buildActionMask = 2147483647;
			files = (
				04E25E5314A4C72CC5455A6B /* Pods_ClicAppTests.framework in Frameworks */,
			);
			runOnlyForDeploymentPostprocessing = 0;
		};
		60AC3053290CC5AE00503515 /* Frameworks */ = {
			isa = PBXFrameworksBuildPhase;
			buildActionMask = 2147483647;
			files = (
				71BA2B899385EC67F9753A9E /* Pods_ClicApp_ClicAppUITests.framework in Frameworks */,
			);
			runOnlyForDeploymentPostprocessing = 0;
		};
/* End PBXFrameworksBuildPhase section */

/* Begin PBXGroup section */
		278DCC43C0E26ABD86D68CF1 /* Pods */ = {
			isa = PBXGroup;
			children = (
				CA5FA7641FD0043EE7789AE4 /* Pods-ClicApp.debug.xcconfig */,
				13B90A463EC7A57C308BAFBE /* Pods-ClicApp.release.xcconfig */,
				58F83F3451B050CD6D0866B5 /* Pods-ClicApp-ClicAppUITests.debug.xcconfig */,
				9D0E7B1322577C39727BA27E /* Pods-ClicApp-ClicAppUITests.release.xcconfig */,
				4CE15B37A017BE1AB3EFA2A7 /* Pods-ClicAppTests.debug.xcconfig */,
				E2B3DA9530F31F538C060926 /* Pods-ClicAppTests.release.xcconfig */,
			);
			path = Pods;
			sourceTree = "<group>";
		};
		60AC302A290CC5AC00503515 = {
			isa = PBXGroup;
			children = (
				60AC3035290CC5AC00503515 /* ClicApp */,
				60AC304F290CC5AE00503515 /* ClicAppTests */,
				60AC3059290CC5AE00503515 /* ClicAppUITests */,
				60AC3034290CC5AC00503515 /* Products */,
				278DCC43C0E26ABD86D68CF1 /* Pods */,
				D5F7D0F3E10F9506513D8875 /* Frameworks */,
			);
			sourceTree = "<group>";
		};
		60AC3034290CC5AC00503515 /* Products */ = {
			isa = PBXGroup;
			children = (
				60AC3033290CC5AC00503515 /* ClicApp.app */,
				60AC304C290CC5AE00503515 /* ClicAppTests.xctest */,
				60AC3056290CC5AE00503515 /* ClicAppUITests.xctest */,
			);
			name = Products;
			sourceTree = "<group>";
		};
		60AC3035290CC5AC00503515 /* ClicApp */ = {
			isa = PBXGroup;
			children = (
				60AC3036290CC5AC00503515 /* AppDelegate.swift */,
				60AC3038290CC5AC00503515 /* SceneDelegate.swift */,
				60AC303A290CC5AC00503515 /* ViewController.swift */,
				60AC303C290CC5AC00503515 /* Main.storyboard */,
				60AC3044290CC5AD00503515 /* LaunchScreen.storyboard */,
				60AC3042290CC5AD00503515 /* Assets.xcassets */,
				60AC3047290CC5AD00503515 /* Info.plist */,
				8668DDF72917404100D9DF0D /* credentials.plist */,
				60AC303F290CC5AC00503515 /* ClicApp.xcdatamodeld */,
			);
			path = ClicApp;
			sourceTree = "<group>";
		};
		60AC304F290CC5AE00503515 /* ClicAppTests */ = {
			isa = PBXGroup;
			children = (
				60AC3050290CC5AE00503515 /* ClicAppTests.swift */,
			);
			path = ClicAppTests;
			sourceTree = "<group>";
		};
		60AC3059290CC5AE00503515 /* ClicAppUITests */ = {
			isa = PBXGroup;
			children = (
				60AC305A290CC5AE00503515 /* ClicAppUITests.swift */,
				60AC305C290CC5AE00503515 /* ClicAppUITestsLaunchTests.swift */,
			);
			path = ClicAppUITests;
			sourceTree = "<group>";
		};
		D5F7D0F3E10F9506513D8875 /* Frameworks */ = {
			isa = PBXGroup;
			children = (
				81861EEA29A4F2C0B7A7DB8C /* Pods_ClicApp.framework */,
				24118975B80A167CA89B75FB /* Pods_ClicApp_ClicAppUITests.framework */,
				A53150F30A7F43DE1B915F0D /* Pods_ClicAppTests.framework */,
			);
			name = Frameworks;
			sourceTree = "<group>";
		};
/* End PBXGroup section */

/* Begin PBXNativeTarget section */
		60AC3032290CC5AC00503515 /* ClicApp */ = {
			isa = PBXNativeTarget;
			buildConfigurationList = 60AC3060290CC5AE00503515 /* Build configuration list for PBXNativeTarget "ClicApp" */;
			buildPhases = (
				4E893C6E606B865F086DFE12 /* [CP] Check Pods Manifest.lock */,
				60AC302F290CC5AC00503515 /* Sources */,
				60AC3030290CC5AC00503515 /* Frameworks */,
				60AC3031290CC5AC00503515 /* Resources */,
				7E9F69EBEB5FD752DBC6E9EA /* [CP] Embed Pods Frameworks */,
			);
			buildRules = (
			);
			dependencies = (
			);
			name = ClicApp;
			productName = ClicApp;
			productReference = 60AC3033290CC5AC00503515 /* ClicApp.app */;
			productType = "com.apple.product-type.application";
		};
		60AC304B290CC5AE00503515 /* ClicAppTests */ = {
			isa = PBXNativeTarget;
			buildConfigurationList = 60AC3063290CC5AE00503515 /* Build configuration list for PBXNativeTarget "ClicAppTests" */;
			buildPhases = (
				C44905898DB0A2C8BC22CCCB /* [CP] Check Pods Manifest.lock */,
				60AC3048290CC5AE00503515 /* Sources */,
				60AC3049290CC5AE00503515 /* Frameworks */,
				60AC304A290CC5AE00503515 /* Resources */,
			);
			buildRules = (
			);
			dependencies = (
				60AC304E290CC5AE00503515 /* PBXTargetDependency */,
			);
			name = ClicAppTests;
			productName = ClicAppTests;
			productReference = 60AC304C290CC5AE00503515 /* ClicAppTests.xctest */;
			productType = "com.apple.product-type.bundle.unit-test";
		};
		60AC3055290CC5AE00503515 /* ClicAppUITests */ = {
			isa = PBXNativeTarget;
			buildConfigurationList = 60AC3066290CC5AE00503515 /* Build configuration list for PBXNativeTarget "ClicAppUITests" */;
			buildPhases = (
				79E930A2C03C9725359C1AC0 /* [CP] Check Pods Manifest.lock */,
				60AC3052290CC5AE00503515 /* Sources */,
				60AC3053290CC5AE00503515 /* Frameworks */,
				60AC3054290CC5AE00503515 /* Resources */,
				604FF7C7316D631E0B744CB1 /* [CP] Embed Pods Frameworks */,
			);
			buildRules = (
			);
			dependencies = (
				60AC3058290CC5AE00503515 /* PBXTargetDependency */,
			);
			name = ClicAppUITests;
			productName = ClicAppUITests;
			productReference = 60AC3056290CC5AE00503515 /* ClicAppUITests.xctest */;
			productType = "com.apple.product-type.bundle.ui-testing";
		};
/* End PBXNativeTarget section */

/* Begin PBXProject section */
		60AC302B290CC5AC00503515 /* Project object */ = {
			isa = PBXProject;
			attributes = {
				BuildIndependentTargetsInParallel = 1;
				LastSwiftUpdateCheck = 1400;
				LastUpgradeCheck = 1400;
				TargetAttributes = {
					60AC3032290CC5AC00503515 = {
						CreatedOnToolsVersion = 14.0.1;
					};
					60AC304B290CC5AE00503515 = {
						CreatedOnToolsVersion = 14.0.1;
						TestTargetID = 60AC3032290CC5AC00503515;
					};
					60AC3055290CC5AE00503515 = {
						CreatedOnToolsVersion = 14.0.1;
						TestTargetID = 60AC3032290CC5AC00503515;
					};
				};
			};
			buildConfigurationList = 60AC302E290CC5AC00503515 /* Build configuration list for PBXProject "ClicApp" */;
			compatibilityVersion = "Xcode 11.0";
			developmentRegion = en;
			hasScannedForEncodings = 0;
			knownRegions = (
				en,
				Base,
			);
			mainGroup = 60AC302A290CC5AC00503515;
			productRefGroup = 60AC3034290CC5AC00503515 /* Products */;
			projectDirPath = "";
			projectRoot = "";
			targets = (
				60AC3032290CC5AC00503515 /* ClicApp */,
				60AC304B290CC5AE00503515 /* ClicAppTests */,
				60AC3055290CC5AE00503515 /* ClicAppUITests */,
			);
		};
/* End PBXProject section */

/* Begin PBXResourcesBuildPhase section */
		60AC3031290CC5AC00503515 /* Resources */ = {
			isa = PBXResourcesBuildPhase;
			buildActionMask = 2147483647;
			files = (
				60AC3046290CC5AD00503515 /* LaunchScreen.storyboard in Resources */,
				8668DDF82917404100D9DF0D /* credentials.plist in Resources */,
				60AC3043290CC5AD00503515 /* Assets.xcassets in Resources */,
				60AC303E290CC5AC00503515 /* Main.storyboard in Resources */,
			);
			runOnlyForDeploymentPostprocessing = 0;
		};
		60AC304A290CC5AE00503515 /* Resources */ = {
			isa = PBXResourcesBuildPhase;
			buildActionMask = 2147483647;
			files = (
			);
			runOnlyForDeploymentPostprocessing = 0;
		};
		60AC3054290CC5AE00503515 /* Resources */ = {
			isa = PBXResourcesBuildPhase;
			buildActionMask = 2147483647;
			files = (
			);
			runOnlyForDeploymentPostprocessing = 0;
		};
/* End PBXResourcesBuildPhase section */

/* Begin PBXShellScriptBuildPhase section */
		4E893C6E606B865F086DFE12 /* [CP] Check Pods Manifest.lock */ = {
			isa = PBXShellScriptBuildPhase;
			buildActionMask = 2147483647;
			files = (
			);
			inputFileListPaths = (
			);
			inputPaths = (
				"${PODS_PODFILE_DIR_PATH}/Podfile.lock",
				"${PODS_ROOT}/Manifest.lock",
			);
			name = "[CP] Check Pods Manifest.lock";
			outputFileListPaths = (
			);
			outputPaths = (
				"$(DERIVED_FILE_DIR)/Pods-ClicApp-checkManifestLockResult.txt",
			);
			runOnlyForDeploymentPostprocessing = 0;
			shellPath = /bin/sh;
			shellScript = "diff \"${PODS_PODFILE_DIR_PATH}/Podfile.lock\" \"${PODS_ROOT}/Manifest.lock\" > /dev/null\nif [ $? != 0 ] ; then\n    # print error to STDERR\n    echo \"error: The sandbox is not in sync with the Podfile.lock. Run 'pod install' or update your CocoaPods installation.\" >&2\n    exit 1\nfi\n# This output is used by Xcode 'outputs' to avoid re-running this script phase.\necho \"SUCCESS\" > \"${SCRIPT_OUTPUT_FILE_0}\"\n";
			showEnvVarsInLog = 0;
		};
		604FF7C7316D631E0B744CB1 /* [CP] Embed Pods Frameworks */ = {
			isa = PBXShellScriptBuildPhase;
			buildActionMask = 2147483647;
			files = (
			);
			inputFileListPaths = (
				"${PODS_ROOT}/Target Support Files/Pods-ClicApp-ClicAppUITests/Pods-ClicApp-ClicAppUITests-frameworks-${CONFIGURATION}-input-files.xcfilelist",
			);
			name = "[CP] Embed Pods Frameworks";
			outputFileListPaths = (
				"${PODS_ROOT}/Target Support Files/Pods-ClicApp-ClicAppUITests/Pods-ClicApp-ClicAppUITests-frameworks-${CONFIGURATION}-output-files.xcfilelist",
			);
			runOnlyForDeploymentPostprocessing = 0;
			shellPath = /bin/sh;
			shellScript = "\"${PODS_ROOT}/Target Support Files/Pods-ClicApp-ClicAppUITests/Pods-ClicApp-ClicAppUITests-frameworks.sh\"\n";
			showEnvVarsInLog = 0;
		};
		79E930A2C03C9725359C1AC0 /* [CP] Check Pods Manifest.lock */ = {
			isa = PBXShellScriptBuildPhase;
			buildActionMask = 2147483647;
			files = (
			);
			inputFileListPaths = (
			);
			inputPaths = (
				"${PODS_PODFILE_DIR_PATH}/Podfile.lock",
				"${PODS_ROOT}/Manifest.lock",
			);
			name = "[CP] Check Pods Manifest.lock";
			outputFileListPaths = (
			);
			outputPaths = (
				"$(DERIVED_FILE_DIR)/Pods-ClicApp-ClicAppUITests-checkManifestLockResult.txt",
			);
			runOnlyForDeploymentPostprocessing = 0;
			shellPath = /bin/sh;
			shellScript = "diff \"${PODS_PODFILE_DIR_PATH}/Podfile.lock\" \"${PODS_ROOT}/Manifest.lock\" > /dev/null\nif [ $? != 0 ] ; then\n    # print error to STDERR\n    echo \"error: The sandbox is not in sync with the Podfile.lock. Run 'pod install' or update your CocoaPods installation.\" >&2\n    exit 1\nfi\n# This output is used by Xcode 'outputs' to avoid re-running this script phase.\necho \"SUCCESS\" > \"${SCRIPT_OUTPUT_FILE_0}\"\n";
			showEnvVarsInLog = 0;
		};
		7E9F69EBEB5FD752DBC6E9EA /* [CP] Embed Pods Frameworks */ = {
			isa = PBXShellScriptBuildPhase;
			buildActionMask = 2147483647;
			files = (
			);
			inputFileListPaths = (
				"${PODS_ROOT}/Target Support Files/Pods-ClicApp/Pods-ClicApp-frameworks-${CONFIGURATION}-input-files.xcfilelist",
			);
			name = "[CP] Embed Pods Frameworks";
			outputFileListPaths = (
				"${PODS_ROOT}/Target Support Files/Pods-ClicApp/Pods-ClicApp-frameworks-${CONFIGURATION}-output-files.xcfilelist",
			);
			runOnlyForDeploymentPostprocessing = 0;
			shellPath = /bin/sh;
			shellScript = "\"${PODS_ROOT}/Target Support Files/Pods-ClicApp/Pods-ClicApp-frameworks.sh\"\n";
			showEnvVarsInLog = 0;
		};
		C44905898DB0A2C8BC22CCCB /* [CP] Check Pods Manifest.lock */ = {
			isa = PBXShellScriptBuildPhase;
			buildActionMask = 2147483647;
			files = (
			);
			inputFileListPaths = (
			);
			inputPaths = (
				"${PODS_PODFILE_DIR_PATH}/Podfile.lock",
				"${PODS_ROOT}/Manifest.lock",
			);
			name = "[CP] Check Pods Manifest.lock";
			outputFileListPaths = (
			);
			outputPaths = (
				"$(DERIVED_FILE_DIR)/Pods-ClicAppTests-checkManifestLockResult.txt",
			);
			runOnlyForDeploymentPostprocessing = 0;
			shellPath = /bin/sh;
			shellScript = "diff \"${PODS_PODFILE_DIR_PATH}/Podfile.lock\" \"${PODS_ROOT}/Manifest.lock\" > /dev/null\nif [ $? != 0 ] ; then\n    # print error to STDERR\n    echo \"error: The sandbox is not in sync with the Podfile.lock. Run 'pod install' or update your CocoaPods installation.\" >&2\n    exit 1\nfi\n# This output is used by Xcode 'outputs' to avoid re-running this script phase.\necho \"SUCCESS\" > \"${SCRIPT_OUTPUT_FILE_0}\"\n";
			showEnvVarsInLog = 0;
		};
/* End PBXShellScriptBuildPhase section */

/* Begin PBXSourcesBuildPhase section */
		60AC302F290CC5AC00503515 /* Sources */ = {
			isa = PBXSourcesBuildPhase;
			buildActionMask = 2147483647;
			files = (
				60AC3041290CC5AC00503515 /* ClicApp.xcdatamodeld in Sources */,
				60AC303B290CC5AC00503515 /* ViewController.swift in Sources */,
				60AC3037290CC5AC00503515 /* AppDelegate.swift in Sources */,
				60AC3039290CC5AC00503515 /* SceneDelegate.swift in Sources */,
			);
			runOnlyForDeploymentPostprocessing = 0;
		};
		60AC3048290CC5AE00503515 /* Sources */ = {
			isa = PBXSourcesBuildPhase;
			buildActionMask = 2147483647;
			files = (
				60AC3051290CC5AE00503515 /* ClicAppTests.swift in Sources */,
			);
			runOnlyForDeploymentPostprocessing = 0;
		};
		60AC3052290CC5AE00503515 /* Sources */ = {
			isa = PBXSourcesBuildPhase;
			buildActionMask = 2147483647;
			files = (
				60AC305B290CC5AE00503515 /* ClicAppUITests.swift in Sources */,
				60AC305D290CC5AE00503515 /* ClicAppUITestsLaunchTests.swift in Sources */,
			);
			runOnlyForDeploymentPostprocessing = 0;
		};
/* End PBXSourcesBuildPhase section */

/* Begin PBXTargetDependency section */
		60AC304E290CC5AE00503515 /* PBXTargetDependency */ = {
			isa = PBXTargetDependency;
			target = 60AC3032290CC5AC00503515 /* ClicApp */;
			targetProxy = 60AC304D290CC5AE00503515 /* PBXContainerItemProxy */;
		};
		60AC3058290CC5AE00503515 /* PBXTargetDependency */ = {
			isa = PBXTargetDependency;
			target = 60AC3032290CC5AC00503515 /* ClicApp */;
			targetProxy = 60AC3057290CC5AE00503515 /* PBXContainerItemProxy */;
		};
/* End PBXTargetDependency section */

/* Begin PBXVariantGroup section */
		60AC303C290CC5AC00503515 /* Main.storyboard */ = {
			isa = PBXVariantGroup;
			children = (
				60AC303D290CC5AC00503515 /* Base */,
			);
			name = Main.storyboard;
			sourceTree = "<group>";
		};
		60AC3044290CC5AD00503515 /* LaunchScreen.storyboard */ = {
			isa = PBXVariantGroup;
			children = (
				60AC3045290CC5AD00503515 /* Base */,
			);
			name = LaunchScreen.storyboard;
			sourceTree = "<group>";
		};
/* End PBXVariantGroup section */

/* Begin XCBuildConfiguration section */
		60AC305E290CC5AE00503515 /* Debug */ = {
			isa = XCBuildConfiguration;
			buildSettings = {
				ALWAYS_SEARCH_USER_PATHS = NO;
				CLANG_ANALYZER_NONNULL = YES;
				CLANG_ANALYZER_NUMBER_OBJECT_CONVERSION = YES_AGGRESSIVE;
				CLANG_CXX_LANGUAGE_STANDARD = "gnu++20";
				CLANG_ENABLE_MODULES = YES;
				CLANG_ENABLE_OBJC_ARC = YES;
				CLANG_ENABLE_OBJC_WEAK = YES;
				CLANG_WARN_BLOCK_CAPTURE_AUTORELEASING = YES;
				CLANG_WARN_BOOL_CONVERSION = YES;
				CLANG_WARN_COMMA = YES;
				CLANG_WARN_CONSTANT_CONVERSION = YES;
				CLANG_WARN_DEPRECATED_OBJC_IMPLEMENTATIONS = YES;
				CLANG_WARN_DIRECT_OBJC_ISA_USAGE = YES_ERROR;
				CLANG_WARN_DOCUMENTATION_COMMENTS = YES;
				CLANG_WARN_EMPTY_BODY = YES;
				CLANG_WARN_ENUM_CONVERSION = YES;
				CLANG_WARN_INFINITE_RECURSION = YES;
				CLANG_WARN_INT_CONVERSION = YES;
				CLANG_WARN_NON_LITERAL_NULL_CONVERSION = YES;
				CLANG_WARN_OBJC_IMPLICIT_RETAIN_SELF = YES;
				CLANG_WARN_OBJC_LITERAL_CONVERSION = YES;
				CLANG_WARN_OBJC_ROOT_CLASS = YES_ERROR;
				CLANG_WARN_QUOTED_INCLUDE_IN_FRAMEWORK_HEADER = YES;
				CLANG_WARN_RANGE_LOOP_ANALYSIS = YES;
				CLANG_WARN_STRICT_PROTOTYPES = YES;
				CLANG_WARN_SUSPICIOUS_MOVE = YES;
				CLANG_WARN_UNGUARDED_AVAILABILITY = YES_AGGRESSIVE;
				CLANG_WARN_UNREACHABLE_CODE = YES;
				CLANG_WARN__DUPLICATE_METHOD_MATCH = YES;
				COPY_PHASE_STRIP = NO;
				DEBUG_INFORMATION_FORMAT = dwarf;
				ENABLE_STRICT_OBJC_MSGSEND = YES;
				ENABLE_TESTABILITY = YES;
				GCC_C_LANGUAGE_STANDARD = gnu11;
				GCC_DYNAMIC_NO_PIC = NO;
				GCC_NO_COMMON_BLOCKS = YES;
				GCC_OPTIMIZATION_LEVEL = 0;
				GCC_PREPROCESSOR_DEFINITIONS = (
					"DEBUG=1",
					"$(inherited)",
				);
				GCC_WARN_64_TO_32_BIT_CONVERSION = YES;
				GCC_WARN_ABOUT_RETURN_TYPE = YES_ERROR;
				GCC_WARN_UNDECLARED_SELECTOR = YES;
				GCC_WARN_UNINITIALIZED_AUTOS = YES_AGGRESSIVE;
				GCC_WARN_UNUSED_FUNCTION = YES;
				GCC_WARN_UNUSED_VARIABLE = YES;
				IPHONEOS_DEPLOYMENT_TARGET = 16.0;
				MTL_ENABLE_DEBUG_INFO = INCLUDE_SOURCE;
				MTL_FAST_MATH = YES;
				ONLY_ACTIVE_ARCH = YES;
				SDKROOT = iphoneos;
				SWIFT_ACTIVE_COMPILATION_CONDITIONS = DEBUG;
				SWIFT_OPTIMIZATION_LEVEL = "-Onone";
			};
			name = Debug;
		};
		60AC305F290CC5AE00503515 /* Release */ = {
			isa = XCBuildConfiguration;
			buildSettings = {
				ALWAYS_SEARCH_USER_PATHS = NO;
				CLANG_ANALYZER_NONNULL = YES;
				CLANG_ANALYZER_NUMBER_OBJECT_CONVERSION = YES_AGGRESSIVE;
				CLANG_CXX_LANGUAGE_STANDARD = "gnu++20";
				CLANG_ENABLE_MODULES = YES;
				CLANG_ENABLE_OBJC_ARC = YES;
				CLANG_ENABLE_OBJC_WEAK = YES;
				CLANG_WARN_BLOCK_CAPTURE_AUTORELEASING = YES;
				CLANG_WARN_BOOL_CONVERSION = YES;
				CLANG_WARN_COMMA = YES;
				CLANG_WARN_CONSTANT_CONVERSION = YES;
				CLANG_WARN_DEPRECATED_OBJC_IMPLEMENTATIONS = YES;
				CLANG_WARN_DIRECT_OBJC_ISA_USAGE = YES_ERROR;
				CLANG_WARN_DOCUMENTATION_COMMENTS = YES;
				CLANG_WARN_EMPTY_BODY = YES;
				CLANG_WARN_ENUM_CONVERSION = YES;
				CLANG_WARN_INFINITE_RECURSION = YES;
				CLANG_WARN_INT_CONVERSION = YES;
				CLANG_WARN_NON_LITERAL_NULL_CONVERSION = YES;
				CLANG_WARN_OBJC_IMPLICIT_RETAIN_SELF = YES;
				CLANG_WARN_OBJC_LITERAL_CONVERSION = YES;
				CLANG_WARN_OBJC_ROOT_CLASS = YES_ERROR;
				CLANG_WARN_QUOTED_INCLUDE_IN_FRAMEWORK_HEADER = YES;
				CLANG_WARN_RANGE_LOOP_ANALYSIS = YES;
				CLANG_WARN_STRICT_PROTOTYPES = YES;
				CLANG_WARN_SUSPICIOUS_MOVE = YES;
				CLANG_WARN_UNGUARDED_AVAILABILITY = YES_AGGRESSIVE;
				CLANG_WARN_UNREACHABLE_CODE = YES;
				CLANG_WARN__DUPLICATE_METHOD_MATCH = YES;
				COPY_PHASE_STRIP = NO;
				DEBUG_INFORMATION_FORMAT = "dwarf-with-dsym";
				ENABLE_NS_ASSERTIONS = NO;
				ENABLE_STRICT_OBJC_MSGSEND = YES;
				GCC_C_LANGUAGE_STANDARD = gnu11;
				GCC_NO_COMMON_BLOCKS = YES;
				GCC_WARN_64_TO_32_BIT_CONVERSION = YES;
				GCC_WARN_ABOUT_RETURN_TYPE = YES_ERROR;
				GCC_WARN_UNDECLARED_SELECTOR = YES;
				GCC_WARN_UNINITIALIZED_AUTOS = YES_AGGRESSIVE;
				GCC_WARN_UNUSED_FUNCTION = YES;
				GCC_WARN_UNUSED_VARIABLE = YES;
				IPHONEOS_DEPLOYMENT_TARGET = 16.0;
				MTL_ENABLE_DEBUG_INFO = NO;
				MTL_FAST_MATH = YES;
				SDKROOT = iphoneos;
				SWIFT_COMPILATION_MODE = wholemodule;
				SWIFT_OPTIMIZATION_LEVEL = "-O";
				VALIDATE_PRODUCT = YES;
			};
			name = Release;
		};
		60AC3061290CC5AE00503515 /* Debug */ = {
			isa = XCBuildConfiguration;
			baseConfigurationReference = CA5FA7641FD0043EE7789AE4 /* Pods-ClicApp.debug.xcconfig */;
			buildSettings = {
				ASSETCATALOG_COMPILER_APPICON_NAME = AppIcon;
				ASSETCATALOG_COMPILER_GLOBAL_ACCENT_COLOR_NAME = AccentColor;
				CODE_SIGN_STYLE = Automatic;
				CURRENT_PROJECT_VERSION = 1;
				DEVELOPMENT_TEAM = D37ZSULAQW;
				GENERATE_INFOPLIST_FILE = YES;
				INFOPLIST_FILE = ClicApp/Info.plist;
				INFOPLIST_KEY_UIApplicationSupportsIndirectInputEvents = YES;
				INFOPLIST_KEY_UILaunchStoryboardName = LaunchScreen;
				INFOPLIST_KEY_UIMainStoryboardFile = Main;
				INFOPLIST_KEY_UISupportedInterfaceOrientations_iPad = "UIInterfaceOrientationPortrait UIInterfaceOrientationPortraitUpsideDown UIInterfaceOrientationLandscapeLeft UIInterfaceOrientationLandscapeRight";
				INFOPLIST_KEY_UISupportedInterfaceOrientations_iPhone = "UIInterfaceOrientationPortrait UIInterfaceOrientationLandscapeLeft UIInterfaceOrientationLandscapeRight";
				LD_RUNPATH_SEARCH_PATHS = (
					"$(inherited)",
					"@executable_path/Frameworks",
				);
				MARKETING_VERSION = 1.0;
				PRODUCT_BUNDLE_IDENTIFIER = com.jesseoseafiana.ClicApp;
				PRODUCT_NAME = "$(TARGET_NAME)";
				SWIFT_EMIT_LOC_STRINGS = YES;
				SWIFT_VERSION = 5.0;
				TARGETED_DEVICE_FAMILY = "1,2";
			};
			name = Debug;
		};
		60AC3062290CC5AE00503515 /* Release */ = {
			isa = XCBuildConfiguration;
			baseConfigurationReference = 13B90A463EC7A57C308BAFBE /* Pods-ClicApp.release.xcconfig */;
			buildSettings = {
				ASSETCATALOG_COMPILER_APPICON_NAME = AppIcon;
				ASSETCATALOG_COMPILER_GLOBAL_ACCENT_COLOR_NAME = AccentColor;
				CODE_SIGN_STYLE = Automatic;
				CURRENT_PROJECT_VERSION = 1;
				DEVELOPMENT_TEAM = D37ZSULAQW;
				GENERATE_INFOPLIST_FILE = YES;
				INFOPLIST_FILE = ClicApp/Info.plist;
				INFOPLIST_KEY_UIApplicationSupportsIndirectInputEvents = YES;
				INFOPLIST_KEY_UILaunchStoryboardName = LaunchScreen;
				INFOPLIST_KEY_UIMainStoryboardFile = Main;
				INFOPLIST_KEY_UISupportedInterfaceOrientations_iPad = "UIInterfaceOrientationPortrait UIInterfaceOrientationPortraitUpsideDown UIInterfaceOrientationLandscapeLeft UIInterfaceOrientationLandscapeRight";
				INFOPLIST_KEY_UISupportedInterfaceOrientations_iPhone = "UIInterfaceOrientationPortrait UIInterfaceOrientationLandscapeLeft UIInterfaceOrientationLandscapeRight";
				LD_RUNPATH_SEARCH_PATHS = (
					"$(inherited)",
					"@executable_path/Frameworks",
				);
				MARKETING_VERSION = 1.0;
				PRODUCT_BUNDLE_IDENTIFIER = com.jesseoseafiana.ClicApp;
				PRODUCT_NAME = "$(TARGET_NAME)";
				SWIFT_EMIT_LOC_STRINGS = YES;
				SWIFT_VERSION = 5.0;
				TARGETED_DEVICE_FAMILY = "1,2";
			};
			name = Release;
		};
		60AC3064290CC5AE00503515 /* Debug */ = {
			isa = XCBuildConfiguration;
			baseConfigurationReference = 4CE15B37A017BE1AB3EFA2A7 /* Pods-ClicAppTests.debug.xcconfig */;
			buildSettings = {
				ALWAYS_EMBED_SWIFT_STANDARD_LIBRARIES = YES;
				BUNDLE_LOADER = "$(TEST_HOST)";
				CODE_SIGN_STYLE = Automatic;
				CURRENT_PROJECT_VERSION = 1;
				DEVELOPMENT_TEAM = 9XQN429298;
				GENERATE_INFOPLIST_FILE = YES;
				IPHONEOS_DEPLOYMENT_TARGET = 16.0;
				MARKETING_VERSION = 1.0;
				PRODUCT_BUNDLE_IDENTIFIER = com.jesseoseafiana.ClicAppTests;
				PRODUCT_NAME = "$(TARGET_NAME)";
				SWIFT_EMIT_LOC_STRINGS = NO;
				SWIFT_VERSION = 5.0;
				TARGETED_DEVICE_FAMILY = "1,2";
				TEST_HOST = "$(BUILT_PRODUCTS_DIR)/ClicApp.app/$(BUNDLE_EXECUTABLE_FOLDER_PATH)/ClicApp";
			};
			name = Debug;
		};
		60AC3065290CC5AE00503515 /* Release */ = {
			isa = XCBuildConfiguration;
			baseConfigurationReference = E2B3DA9530F31F538C060926 /* Pods-ClicAppTests.release.xcconfig */;
			buildSettings = {
				ALWAYS_EMBED_SWIFT_STANDARD_LIBRARIES = YES;
				BUNDLE_LOADER = "$(TEST_HOST)";
				CODE_SIGN_STYLE = Automatic;
				CURRENT_PROJECT_VERSION = 1;
				DEVELOPMENT_TEAM = 9XQN429298;
				GENERATE_INFOPLIST_FILE = YES;
				IPHONEOS_DEPLOYMENT_TARGET = 16.0;
				MARKETING_VERSION = 1.0;
				PRODUCT_BUNDLE_IDENTIFIER = com.jesseoseafiana.ClicAppTests;
				PRODUCT_NAME = "$(TARGET_NAME)";
				SWIFT_EMIT_LOC_STRINGS = NO;
				SWIFT_VERSION = 5.0;
				TARGETED_DEVICE_FAMILY = "1,2";
				TEST_HOST = "$(BUILT_PRODUCTS_DIR)/ClicApp.app/$(BUNDLE_EXECUTABLE_FOLDER_PATH)/ClicApp";
			};
			name = Release;
		};
		60AC3067290CC5AE00503515 /* Debug */ = {
			isa = XCBuildConfiguration;
			baseConfigurationReference = 58F83F3451B050CD6D0866B5 /* Pods-ClicApp-ClicAppUITests.debug.xcconfig */;
			buildSettings = {
				ALWAYS_EMBED_SWIFT_STANDARD_LIBRARIES = YES;
				CODE_SIGN_STYLE = Automatic;
				CURRENT_PROJECT_VERSION = 1;
				DEVELOPMENT_TEAM = 9XQN429298;
				GENERATE_INFOPLIST_FILE = YES;
				MARKETING_VERSION = 1.0;
				PRODUCT_BUNDLE_IDENTIFIER = com.jesseoseafiana.ClicAppUITests;
				PRODUCT_NAME = "$(TARGET_NAME)";
				SWIFT_EMIT_LOC_STRINGS = NO;
				SWIFT_VERSION = 5.0;
				TARGETED_DEVICE_FAMILY = "1,2";
				TEST_TARGET_NAME = ClicApp;
			};
			name = Debug;
		};
		60AC3068290CC5AE00503515 /* Release */ = {
			isa = XCBuildConfiguration;
			baseConfigurationReference = 9D0E7B1322577C39727BA27E /* Pods-ClicApp-ClicAppUITests.release.xcconfig */;
			buildSettings = {
				ALWAYS_EMBED_SWIFT_STANDARD_LIBRARIES = YES;
				CODE_SIGN_STYLE = Automatic;
				CURRENT_PROJECT_VERSION = 1;
				DEVELOPMENT_TEAM = 9XQN429298;
				GENERATE_INFOPLIST_FILE = YES;
				MARKETING_VERSION = 1.0;
				PRODUCT_BUNDLE_IDENTIFIER = com.jesseoseafiana.ClicAppUITests;
				PRODUCT_NAME = "$(TARGET_NAME)";
				SWIFT_EMIT_LOC_STRINGS = NO;
				SWIFT_VERSION = 5.0;
				TARGETED_DEVICE_FAMILY = "1,2";
				TEST_TARGET_NAME = ClicApp;
			};
			name = Release;
		};
/* End XCBuildConfiguration section */

/* Begin XCConfigurationList section */
		60AC302E290CC5AC00503515 /* Build configuration list for PBXProject "ClicApp" */ = {
			isa = XCConfigurationList;
			buildConfigurations = (
				60AC305E290CC5AE00503515 /* Debug */,
				60AC305F290CC5AE00503515 /* Release */,
			);
			defaultConfigurationIsVisible = 0;
			defaultConfigurationName = Release;
		};
		60AC3060290CC5AE00503515 /* Build configuration list for PBXNativeTarget "ClicApp" */ = {
			isa = XCConfigurationList;
			buildConfigurations = (
				60AC3061290CC5AE00503515 /* Debug */,
				60AC3062290CC5AE00503515 /* Release */,
			);
			defaultConfigurationIsVisible = 0;
			defaultConfigurationName = Release;
		};
		60AC3063290CC5AE00503515 /* Build configuration list for PBXNativeTarget "ClicAppTests" */ = {
			isa = XCConfigurationList;
			buildConfigurations = (
				60AC3064290CC5AE00503515 /* Debug */,
				60AC3065290CC5AE00503515 /* Release */,
			);
			defaultConfigurationIsVisible = 0;
			defaultConfigurationName = Release;
		};
		60AC3066290CC5AE00503515 /* Build configuration list for PBXNativeTarget "ClicAppUITests" */ = {
			isa = XCConfigurationList;
			buildConfigurations = (
				60AC3067290CC5AE00503515 /* Debug */,
				60AC3068290CC5AE00503515 /* Release */,
			);
			defaultConfigurationIsVisible = 0;
			defaultConfigurationName = Release;
		};
/* End XCConfigurationList section */

/* Begin XCVersionGroup section */
		60AC303F290CC5AC00503515 /* ClicApp.xcdatamodeld */ = {
			isa = XCVersionGroup;
			children = (
				60AC3040290CC5AC00503515 /* ClicApp.xcdatamodel */,
			);
			currentVersion = 60AC3040290CC5AC00503515 /* ClicApp.xcdatamodel */;
			path = ClicApp.xcdatamodeld;
			sourceTree = "<group>";
			versionGroupType = wrapper.xcdatamodel;
		};
/* End XCVersionGroup section */
	};
	rootObject = 60AC302B290CC5AC00503515 /* Project object */;
}
