// !$*UTF8*$!
{
	archiveVersion = 1;
	classes = {
	};
	objectVersion = 53;
	objects = {

/* Begin PBXBuildFile section */
		60AC2FB9290CC2A200503515 /* AppDelegate.swift in Sources */ = {isa = PBXBuildFile; fileRef = 60AC2FB8290CC2A200503515 /* AppDelegate.swift */; };
		60AC2FBB290CC2A200503515 /* SceneDelegate.swift in Sources */ = {isa = PBXBuildFile; fileRef = 60AC2FBA290CC2A200503515 /* SceneDelegate.swift */; };
		60AC2FBD290CC2A200503515 /* ViewController.swift in Sources */ = {isa = PBXBuildFile; fileRef = 60AC2FBC290CC2A200503515 /* ViewController.swift */; };
		60AC2FC0290CC2A200503515 /* Main.storyboard in Resources */ = {isa = PBXBuildFile; fileRef = 60AC2FBE290CC2A200503515 /* Main.storyboard */; };
		60AC2FC3290CC2A200503515 /* ClipApp.xcdatamodeld in Sources */ = {isa = PBXBuildFile; fileRef = 60AC2FC1290CC2A200503515 /* ClipApp.xcdatamodeld */; };
		60AC2FC5290CC2A300503515 /* Assets.xcassets in Resources */ = {isa = PBXBuildFile; fileRef = 60AC2FC4290CC2A300503515 /* Assets.xcassets */; };
		60AC2FC8290CC2A300503515 /* LaunchScreen.storyboard in Resources */ = {isa = PBXBuildFile; fileRef = 60AC2FC6290CC2A300503515 /* LaunchScreen.storyboard */; };
		60AC2FD3290CC2A300503515 /* ClipAppTests.swift in Sources */ = {isa = PBXBuildFile; fileRef = 60AC2FD2290CC2A300503515 /* ClipAppTests.swift */; };
		60AC2FDD290CC2A300503515 /* ClipAppUITests.swift in Sources */ = {isa = PBXBuildFile; fileRef = 60AC2FDC290CC2A300503515 /* ClipAppUITests.swift */; };
		60AC2FDF290CC2A300503515 /* ClipAppUITestsLaunchTests.swift in Sources */ = {isa = PBXBuildFile; fileRef = 60AC2FDE290CC2A300503515 /* ClipAppUITestsLaunchTests.swift */; };
/* End PBXBuildFile section */

/* Begin PBXContainerItemProxy section */
		60AC2FCF290CC2A300503515 /* PBXContainerItemProxy */ = {
			isa = PBXContainerItemProxy;
			containerPortal = 60AC2FAD290CC2A200503515 /* Project object */;
			proxyType = 1;
			remoteGlobalIDString = 60AC2FB4290CC2A200503515;
			remoteInfo = ClipApp;
		};
		60AC2FD9290CC2A300503515 /* PBXContainerItemProxy */ = {
			isa = PBXContainerItemProxy;
			containerPortal = 60AC2FAD290CC2A200503515 /* Project object */;
			proxyType = 1;
			remoteGlobalIDString = 60AC2FB4290CC2A200503515;
			remoteInfo = ClipApp;
		};
/* End PBXContainerItemProxy section */

/* Begin PBXFileReference section */
		60AC2FB5290CC2A200503515 /* ClipApp.app */ = {isa = PBXFileReference; explicitFileType = wrapper.application; includeInIndex = 0; path = ClipApp.app; sourceTree = BUILT_PRODUCTS_DIR; };
		60AC2FB8290CC2A200503515 /* AppDelegate.swift */ = {isa = PBXFileReference; lastKnownFileType = sourcecode.swift; path = AppDelegate.swift; sourceTree = "<group>"; };
		60AC2FBA290CC2A200503515 /* SceneDelegate.swift */ = {isa = PBXFileReference; lastKnownFileType = sourcecode.swift; path = SceneDelegate.swift; sourceTree = "<group>"; };
		60AC2FBC290CC2A200503515 /* ViewController.swift */ = {isa = PBXFileReference; lastKnownFileType = sourcecode.swift; path = ViewController.swift; sourceTree = "<group>"; };
		60AC2FBF290CC2A200503515 /* Base */ = {isa = PBXFileReference; lastKnownFileType = file.storyboard; name = Base; path = Base.lproj/Main.storyboard; sourceTree = "<group>"; };
		60AC2FC2290CC2A200503515 /* ClipApp.xcdatamodel */ = {isa = PBXFileReference; lastKnownFileType = wrapper.xcdatamodel; path = ClipApp.xcdatamodel; sourceTree = "<group>"; };
		60AC2FC4290CC2A300503515 /* Assets.xcassets */ = {isa = PBXFileReference; lastKnownFileType = folder.assetcatalog; path = Assets.xcassets; sourceTree = "<group>"; };
		60AC2FC7290CC2A300503515 /* Base */ = {isa = PBXFileReference; lastKnownFileType = file.storyboard; name = Base; path = Base.lproj/LaunchScreen.storyboard; sourceTree = "<group>"; };
		60AC2FC9290CC2A300503515 /* Info.plist */ = {isa = PBXFileReference; lastKnownFileType = text.plist.xml; path = Info.plist; sourceTree = "<group>"; };
		60AC2FCE290CC2A300503515 /* ClipAppTests.xctest */ = {isa = PBXFileReference; explicitFileType = wrapper.cfbundle; includeInIndex = 0; path = ClipAppTests.xctest; sourceTree = BUILT_PRODUCTS_DIR; };
		60AC2FD2290CC2A300503515 /* ClipAppTests.swift */ = {isa = PBXFileReference; lastKnownFileType = sourcecode.swift; path = ClipAppTests.swift; sourceTree = "<group>"; };
		60AC2FD8290CC2A300503515 /* ClipAppUITests.xctest */ = {isa = PBXFileReference; explicitFileType = wrapper.cfbundle; includeInIndex = 0; path = ClipAppUITests.xctest; sourceTree = BUILT_PRODUCTS_DIR; };
		60AC2FDC290CC2A300503515 /* ClipAppUITests.swift */ = {isa = PBXFileReference; lastKnownFileType = sourcecode.swift; path = ClipAppUITests.swift; sourceTree = "<group>"; };
		60AC2FDE290CC2A300503515 /* ClipAppUITestsLaunchTests.swift */ = {isa = PBXFileReference; lastKnownFileType = sourcecode.swift; path = ClipAppUITestsLaunchTests.swift; sourceTree = "<group>"; };
/* End PBXFileReference section */

/* Begin PBXFrameworksBuildPhase section */
		60AC2FB2290CC2A200503515 /* Frameworks */ = {
			isa = PBXFrameworksBuildPhase;
			buildActionMask = 2147483647;
			files = (
			);
			runOnlyForDeploymentPostprocessing = 0;
		};
		60AC2FCB290CC2A300503515 /* Frameworks */ = {
			isa = PBXFrameworksBuildPhase;
			buildActionMask = 2147483647;
			files = (
			);
			runOnlyForDeploymentPostprocessing = 0;
		};
		60AC2FD5290CC2A300503515 /* Frameworks */ = {
			isa = PBXFrameworksBuildPhase;
			buildActionMask = 2147483647;
			files = (
			);
			runOnlyForDeploymentPostprocessing = 0;
		};
/* End PBXFrameworksBuildPhase section */

/* Begin PBXGroup section */
		60AC2FAC290CC2A200503515 = {
			isa = PBXGroup;
			children = (
				60AC2FB7290CC2A200503515 /* ClipApp */,
				60AC2FD1290CC2A300503515 /* ClipAppTests */,
				60AC2FDB290CC2A300503515 /* ClipAppUITests */,
				60AC2FB6290CC2A200503515 /* Products */,
			);
			sourceTree = "<group>";
		};
		60AC2FB6290CC2A200503515 /* Products */ = {
			isa = PBXGroup;
			children = (
				60AC2FB5290CC2A200503515 /* ClipApp.app */,
				60AC2FCE290CC2A300503515 /* ClipAppTests.xctest */,
				60AC2FD8290CC2A300503515 /* ClipAppUITests.xctest */,
			);
			name = Products;
			sourceTree = "<group>";
		};
		60AC2FB7290CC2A200503515 /* ClipApp */ = {
			isa = PBXGroup;
			children = (
				60AC2FB8290CC2A200503515 /* AppDelegate.swift */,
				60AC2FBA290CC2A200503515 /* SceneDelegate.swift */,
				60AC2FBC290CC2A200503515 /* ViewController.swift */,
				60AC2FBE290CC2A200503515 /* Main.storyboard */,
				60AC2FC4290CC2A300503515 /* Assets.xcassets */,
				60AC2FC6290CC2A300503515 /* LaunchScreen.storyboard */,
				60AC2FC9290CC2A300503515 /* Info.plist */,
				60AC2FC1290CC2A200503515 /* ClipApp.xcdatamodeld */,
			);
			path = ClipApp;
			sourceTree = "<group>";
		};
		60AC2FD1290CC2A300503515 /* ClipAppTests */ = {
			isa = PBXGroup;
			children = (
				60AC2FD2290CC2A300503515 /* ClipAppTests.swift */,
			);
			path = ClipAppTests;
			sourceTree = "<group>";
		};
		60AC2FDB290CC2A300503515 /* ClipAppUITests */ = {
			isa = PBXGroup;
			children = (
				60AC2FDC290CC2A300503515 /* ClipAppUITests.swift */,
				60AC2FDE290CC2A300503515 /* ClipAppUITestsLaunchTests.swift */,
			);
			path = ClipAppUITests;
			sourceTree = "<group>";
		};
/* End PBXGroup section */

/* Begin PBXNativeTarget section */
		60AC2FB4290CC2A200503515 /* ClipApp */ = {
			isa = PBXNativeTarget;
			buildConfigurationList = 60AC2FE2290CC2A300503515 /* Build configuration list for PBXNativeTarget "ClipApp" */;
			buildPhases = (
				60AC2FB1290CC2A200503515 /* Sources */,
				60AC2FB2290CC2A200503515 /* Frameworks */,
				60AC2FB3290CC2A200503515 /* Resources */,
			);
			buildRules = (
			);
			dependencies = (
			);
			name = ClipApp;
			productName = ClipApp;
			productReference = 60AC2FB5290CC2A200503515 /* ClipApp.app */;
			productType = "com.apple.product-type.application";
		};
		60AC2FCD290CC2A300503515 /* ClipAppTests */ = {
			isa = PBXNativeTarget;
			buildConfigurationList = 60AC2FE5290CC2A300503515 /* Build configuration list for PBXNativeTarget "ClipAppTests" */;
			buildPhases = (
				60AC2FCA290CC2A300503515 /* Sources */,
				60AC2FCB290CC2A300503515 /* Frameworks */,
				60AC2FCC290CC2A300503515 /* Resources */,
			);
			buildRules = (
			);
			dependencies = (
				60AC2FD0290CC2A300503515 /* PBXTargetDependency */,
			);
			name = ClipAppTests;
			productName = ClipAppTests;
			productReference = 60AC2FCE290CC2A300503515 /* ClipAppTests.xctest */;
			productType = "com.apple.product-type.bundle.unit-test";
		};
		60AC2FD7290CC2A300503515 /* ClipAppUITests */ = {
			isa = PBXNativeTarget;
			buildConfigurationList = 60AC2FE8290CC2A300503515 /* Build configuration list for PBXNativeTarget "ClipAppUITests" */;
			buildPhases = (
				60AC2FD4290CC2A300503515 /* Sources */,
				60AC2FD5290CC2A300503515 /* Frameworks */,
				60AC2FD6290CC2A300503515 /* Resources */,
			);
			buildRules = (
			);
			dependencies = (
				60AC2FDA290CC2A300503515 /* PBXTargetDependency */,
			);
			name = ClipAppUITests;
			productName = ClipAppUITests;
			productReference = 60AC2FD8290CC2A300503515 /* ClipAppUITests.xctest */;
			productType = "com.apple.product-type.bundle.ui-testing";
		};
/* End PBXNativeTarget section */

/* Begin PBXProject section */
		60AC2FAD290CC2A200503515 /* Project object */ = {
			isa = PBXProject;
			attributes = {
				BuildIndependentTargetsInParallel = 1;
				LastSwiftUpdateCheck = 1400;
				LastUpgradeCheck = 1400;
				TargetAttributes = {
					60AC2FB4290CC2A200503515 = {
						CreatedOnToolsVersion = 14.0.1;
					};
					60AC2FCD290CC2A300503515 = {
						CreatedOnToolsVersion = 14.0.1;
						TestTargetID = 60AC2FB4290CC2A200503515;
					};
					60AC2FD7290CC2A300503515 = {
						CreatedOnToolsVersion = 14.0.1;
						TestTargetID = 60AC2FB4290CC2A200503515;
					};
				};
			};
			buildConfigurationList = 60AC2FB0290CC2A200503515 /* Build configuration list for PBXProject "ClipApp" */;
			compatibilityVersion = "Xcode 11.0";
			developmentRegion = en;
			hasScannedForEncodings = 0;
			knownRegions = (
				en,
				Base,
			);
			mainGroup = 60AC2FAC290CC2A200503515;
			productRefGroup = 60AC2FB6290CC2A200503515 /* Products */;
			projectDirPath = "";
			projectRoot = "";
			targets = (
				60AC2FB4290CC2A200503515 /* ClipApp */,
				60AC2FCD290CC2A300503515 /* ClipAppTests */,
				60AC2FD7290CC2A300503515 /* ClipAppUITests */,
			);
		};
/* End PBXProject section */

/* Begin PBXResourcesBuildPhase section */
		60AC2FB3290CC2A200503515 /* Resources */ = {
			isa = PBXResourcesBuildPhase;
			buildActionMask = 2147483647;
			files = (
				60AC2FC8290CC2A300503515 /* LaunchScreen.storyboard in Resources */,
				60AC2FC5290CC2A300503515 /* Assets.xcassets in Resources */,
				60AC2FC0290CC2A200503515 /* Main.storyboard in Resources */,
			);
			runOnlyForDeploymentPostprocessing = 0;
		};
		60AC2FCC290CC2A300503515 /* Resources */ = {
			isa = PBXResourcesBuildPhase;
			buildActionMask = 2147483647;
			files = (
			);
			runOnlyForDeploymentPostprocessing = 0;
		};
		60AC2FD6290CC2A300503515 /* Resources */ = {
			isa = PBXResourcesBuildPhase;
			buildActionMask = 2147483647;
			files = (
			);
			runOnlyForDeploymentPostprocessing = 0;
		};
/* End PBXResourcesBuildPhase section */

/* Begin PBXSourcesBuildPhase section */
		60AC2FB1290CC2A200503515 /* Sources */ = {
			isa = PBXSourcesBuildPhase;
			buildActionMask = 2147483647;
			files = (
				60AC2FBD290CC2A200503515 /* ViewController.swift in Sources */,
				60AC2FC3290CC2A200503515 /* ClipApp.xcdatamodeld in Sources */,
				60AC2FB9290CC2A200503515 /* AppDelegate.swift in Sources */,
				60AC2FBB290CC2A200503515 /* SceneDelegate.swift in Sources */,
			);
			runOnlyForDeploymentPostprocessing = 0;
		};
		60AC2FCA290CC2A300503515 /* Sources */ = {
			isa = PBXSourcesBuildPhase;
			buildActionMask = 2147483647;
			files = (
				60AC2FD3290CC2A300503515 /* ClipAppTests.swift in Sources */,
			);
			runOnlyForDeploymentPostprocessing = 0;
		};
		60AC2FD4290CC2A300503515 /* Sources */ = {
			isa = PBXSourcesBuildPhase;
			buildActionMask = 2147483647;
			files = (
				60AC2FDF290CC2A300503515 /* ClipAppUITestsLaunchTests.swift in Sources */,
				60AC2FDD290CC2A300503515 /* ClipAppUITests.swift in Sources */,
			);
			runOnlyForDeploymentPostprocessing = 0;
		};
/* End PBXSourcesBuildPhase section */

/* Begin PBXTargetDependency section */
		60AC2FD0290CC2A300503515 /* PBXTargetDependency */ = {
			isa = PBXTargetDependency;
			target = 60AC2FB4290CC2A200503515 /* ClipApp */;
			targetProxy = 60AC2FCF290CC2A300503515 /* PBXContainerItemProxy */;
		};
		60AC2FDA290CC2A300503515 /* PBXTargetDependency */ = {
			isa = PBXTargetDependency;
			target = 60AC2FB4290CC2A200503515 /* ClipApp */;
			targetProxy = 60AC2FD9290CC2A300503515 /* PBXContainerItemProxy */;
		};
/* End PBXTargetDependency section */

/* Begin PBXVariantGroup section */
		60AC2FBE290CC2A200503515 /* Main.storyboard */ = {
			isa = PBXVariantGroup;
			children = (
				60AC2FBF290CC2A200503515 /* Base */,
			);
			name = Main.storyboard;
			sourceTree = "<group>";
		};
		60AC2FC6290CC2A300503515 /* LaunchScreen.storyboard */ = {
			isa = PBXVariantGroup;
			children = (
				60AC2FC7290CC2A300503515 /* Base */,
			);
			name = LaunchScreen.storyboard;
			sourceTree = "<group>";
		};
/* End PBXVariantGroup section */

/* Begin XCBuildConfiguration section */
		60AC2FE0290CC2A300503515 /* Debug */ = {
			isa = XCBuildConfiguration;
			buildSettings = {
				ALWAYS_SEARCH_USER_PATHS = NO;
				CLANG_ANALYZER_NONNULL = YES;
				CLANG_ANALYZER_NUMBER_OBJECT_CONVERSION = YES_AGGRESSIVE;
				CLANG_CXX_LANGUAGE_STANDARD = "gnu++20";
				CLANG_ENABLE_MODULES = YES;
				CLANG_ENABLE_OBJC_ARC = YES;
				CLANG_ENABLE_OBJC_WEAK = YES;
				CLANG_WARN_BLOCK_CAPTURE_AUTORELEASING = YES;
				CLANG_WARN_BOOL_CONVERSION = YES;
				CLANG_WARN_COMMA = YES;
				CLANG_WARN_CONSTANT_CONVERSION = YES;
				CLANG_WARN_DEPRECATED_OBJC_IMPLEMENTATIONS = YES;
				CLANG_WARN_DIRECT_OBJC_ISA_USAGE = YES_ERROR;
				CLANG_WARN_DOCUMENTATION_COMMENTS = YES;
				CLANG_WARN_EMPTY_BODY = YES;
				CLANG_WARN_ENUM_CONVERSION = YES;
				CLANG_WARN_INFINITE_RECURSION = YES;
				CLANG_WARN_INT_CONVERSION = YES;
				CLANG_WARN_NON_LITERAL_NULL_CONVERSION = YES;
				CLANG_WARN_OBJC_IMPLICIT_RETAIN_SELF = YES;
				CLANG_WARN_OBJC_LITERAL_CONVERSION = YES;
				CLANG_WARN_OBJC_ROOT_CLASS = YES_ERROR;
				CLANG_WARN_QUOTED_INCLUDE_IN_FRAMEWORK_HEADER = YES;
				CLANG_WARN_RANGE_LOOP_ANALYSIS = YES;
				CLANG_WARN_STRICT_PROTOTYPES = YES;
				CLANG_WARN_SUSPICIOUS_MOVE = YES;
				CLANG_WARN_UNGUARDED_AVAILABILITY = YES_AGGRESSIVE;
				CLANG_WARN_UNREACHABLE_CODE = YES;
				CLANG_WARN__DUPLICATE_METHOD_MATCH = YES;
				COPY_PHASE_STRIP = NO;
				DEBUG_INFORMATION_FORMAT = dwarf;
				ENABLE_STRICT_OBJC_MSGSEND = YES;
				ENABLE_TESTABILITY = YES;
				GCC_C_LANGUAGE_STANDARD = gnu11;
				GCC_DYNAMIC_NO_PIC = NO;
				GCC_NO_COMMON_BLOCKS = YES;
				GCC_OPTIMIZATION_LEVEL = 0;
				GCC_PREPROCESSOR_DEFINITIONS = (
					"DEBUG=1",
					"$(inherited)",
				);
				GCC_WARN_64_TO_32_BIT_CONVERSION = YES;
				GCC_WARN_ABOUT_RETURN_TYPE = YES_ERROR;
				GCC_WARN_UNDECLARED_SELECTOR = YES;
				GCC_WARN_UNINITIALIZED_AUTOS = YES_AGGRESSIVE;
				GCC_WARN_UNUSED_FUNCTION = YES;
				GCC_WARN_UNUSED_VARIABLE = YES;
				IPHONEOS_DEPLOYMENT_TARGET = 16.0;
				MTL_ENABLE_DEBUG_INFO = INCLUDE_SOURCE;
				MTL_FAST_MATH = YES;
				ONLY_ACTIVE_ARCH = YES;
				SDKROOT = iphoneos;
				SWIFT_ACTIVE_COMPILATION_CONDITIONS = DEBUG;
				SWIFT_OPTIMIZATION_LEVEL = "-Onone";
			};
			name = Debug;
		};
		60AC2FE1290CC2A300503515 /* Release */ = {
			isa = XCBuildConfiguration;
			buildSettings = {
				ALWAYS_SEARCH_USER_PATHS = NO;
				CLANG_ANALYZER_NONNULL = YES;
				CLANG_ANALYZER_NUMBER_OBJECT_CONVERSION = YES_AGGRESSIVE;
				CLANG_CXX_LANGUAGE_STANDARD = "gnu++20";
				CLANG_ENABLE_MODULES = YES;
				CLANG_ENABLE_OBJC_ARC = YES;
				CLANG_ENABLE_OBJC_WEAK = YES;
				CLANG_WARN_BLOCK_CAPTURE_AUTORELEASING = YES;
				CLANG_WARN_BOOL_CONVERSION = YES;
				CLANG_WARN_COMMA = YES;
				CLANG_WARN_CONSTANT_CONVERSION = YES;
				CLANG_WARN_DEPRECATED_OBJC_IMPLEMENTATIONS = YES;
				CLANG_WARN_DIRECT_OBJC_ISA_USAGE = YES_ERROR;
				CLANG_WARN_DOCUMENTATION_COMMENTS = YES;
				CLANG_WARN_EMPTY_BODY = YES;
				CLANG_WARN_ENUM_CONVERSION = YES;
				CLANG_WARN_INFINITE_RECURSION = YES;
				CLANG_WARN_INT_CONVERSION = YES;
				CLANG_WARN_NON_LITERAL_NULL_CONVERSION = YES;
				CLANG_WARN_OBJC_IMPLICIT_RETAIN_SELF = YES;
				CLANG_WARN_OBJC_LITERAL_CONVERSION = YES;
				CLANG_WARN_OBJC_ROOT_CLASS = YES_ERROR;
				CLANG_WARN_QUOTED_INCLUDE_IN_FRAMEWORK_HEADER = YES;
				CLANG_WARN_RANGE_LOOP_ANALYSIS = YES;
				CLANG_WARN_STRICT_PROTOTYPES = YES;
				CLANG_WARN_SUSPICIOUS_MOVE = YES;
				CLANG_WARN_UNGUARDED_AVAILABILITY = YES_AGGRESSIVE;
				CLANG_WARN_UNREACHABLE_CODE = YES;
				CLANG_WARN__DUPLICATE_METHOD_MATCH = YES;
				COPY_PHASE_STRIP = NO;
				DEBUG_INFORMATION_FORMAT = "dwarf-with-dsym";
				ENABLE_NS_ASSERTIONS = NO;
				ENABLE_STRICT_OBJC_MSGSEND = YES;
				GCC_C_LANGUAGE_STANDARD = gnu11;
				GCC_NO_COMMON_BLOCKS = YES;
				GCC_WARN_64_TO_32_BIT_CONVERSION = YES;
				GCC_WARN_ABOUT_RETURN_TYPE = YES_ERROR;
				GCC_WARN_UNDECLARED_SELECTOR = YES;
				GCC_WARN_UNINITIALIZED_AUTOS = YES_AGGRESSIVE;
				GCC_WARN_UNUSED_FUNCTION = YES;
				GCC_WARN_UNUSED_VARIABLE = YES;
				IPHONEOS_DEPLOYMENT_TARGET = 16.0;
				MTL_ENABLE_DEBUG_INFO = NO;
				MTL_FAST_MATH = YES;
				SDKROOT = iphoneos;
				SWIFT_COMPILATION_MODE = wholemodule;
				SWIFT_OPTIMIZATION_LEVEL = "-O";
				VALIDATE_PRODUCT = YES;
			};
			name = Release;
		};
		60AC2FE3290CC2A300503515 /* Debug */ = {
			isa = XCBuildConfiguration;
			buildSettings = {
				ASSETCATALOG_COMPILER_APPICON_NAME = AppIcon;
				ASSETCATALOG_COMPILER_GLOBAL_ACCENT_COLOR_NAME = AccentColor;
				CODE_SIGN_STYLE = Automatic;
				CURRENT_PROJECT_VERSION = 1;
				DEVELOPMENT_TEAM = 9XQN429298;
				GENERATE_INFOPLIST_FILE = YES;
				INFOPLIST_FILE = ClipApp/Info.plist;
				INFOPLIST_KEY_UIApplicationSupportsIndirectInputEvents = YES;
				INFOPLIST_KEY_UILaunchStoryboardName = LaunchScreen;
				INFOPLIST_KEY_UIMainStoryboardFile = Main;
				INFOPLIST_KEY_UISupportedInterfaceOrientations_iPad = "UIInterfaceOrientationPortrait UIInterfaceOrientationPortraitUpsideDown UIInterfaceOrientationLandscapeLeft UIInterfaceOrientationLandscapeRight";
				INFOPLIST_KEY_UISupportedInterfaceOrientations_iPhone = "UIInterfaceOrientationPortrait UIInterfaceOrientationLandscapeLeft UIInterfaceOrientationLandscapeRight";
				LD_RUNPATH_SEARCH_PATHS = (
					"$(inherited)",
					"@executable_path/Frameworks",
				);
				MARKETING_VERSION = 1.0;
				PRODUCT_BUNDLE_IDENTIFIER = com.jesseoseafiana.ClipApp;
				PRODUCT_NAME = "$(TARGET_NAME)";
				SWIFT_EMIT_LOC_STRINGS = YES;
				SWIFT_VERSION = 5.0;
				TARGETED_DEVICE_FAMILY = "1,2";
			};
			name = Debug;
		};
		60AC2FE4290CC2A300503515 /* Release */ = {
			isa = XCBuildConfiguration;
			buildSettings = {
				ASSETCATALOG_COMPILER_APPICON_NAME = AppIcon;
				ASSETCATALOG_COMPILER_GLOBAL_ACCENT_COLOR_NAME = AccentColor;
				CODE_SIGN_STYLE = Automatic;
				CURRENT_PROJECT_VERSION = 1;
				DEVELOPMENT_TEAM = 9XQN429298;
				GENERATE_INFOPLIST_FILE = YES;
				INFOPLIST_FILE = ClipApp/Info.plist;
				INFOPLIST_KEY_UIApplicationSupportsIndirectInputEvents = YES;
				INFOPLIST_KEY_UILaunchStoryboardName = LaunchScreen;
				INFOPLIST_KEY_UIMainStoryboardFile = Main;
				INFOPLIST_KEY_UISupportedInterfaceOrientations_iPad = "UIInterfaceOrientationPortrait UIInterfaceOrientationPortraitUpsideDown UIInterfaceOrientationLandscapeLeft UIInterfaceOrientationLandscapeRight";
				INFOPLIST_KEY_UISupportedInterfaceOrientations_iPhone = "UIInterfaceOrientationPortrait UIInterfaceOrientationLandscapeLeft UIInterfaceOrientationLandscapeRight";
				LD_RUNPATH_SEARCH_PATHS = (
					"$(inherited)",
					"@executable_path/Frameworks",
				);
				MARKETING_VERSION = 1.0;
				PRODUCT_BUNDLE_IDENTIFIER = com.jesseoseafiana.ClipApp;
				PRODUCT_NAME = "$(TARGET_NAME)";
				SWIFT_EMIT_LOC_STRINGS = YES;
				SWIFT_VERSION = 5.0;
				TARGETED_DEVICE_FAMILY = "1,2";
			};
			name = Release;
		};
		60AC2FE6290CC2A300503515 /* Debug */ = {
			isa = XCBuildConfiguration;
			buildSettings = {
				ALWAYS_EMBED_SWIFT_STANDARD_LIBRARIES = YES;
				BUNDLE_LOADER = "$(TEST_HOST)";
				CODE_SIGN_STYLE = Automatic;
				CURRENT_PROJECT_VERSION = 1;
				DEVELOPMENT_TEAM = 9XQN429298;
				GENERATE_INFOPLIST_FILE = YES;
				IPHONEOS_DEPLOYMENT_TARGET = 16.0;
				MARKETING_VERSION = 1.0;
				PRODUCT_BUNDLE_IDENTIFIER = com.jesseoseafiana.ClipAppTests;
				PRODUCT_NAME = "$(TARGET_NAME)";
				SWIFT_EMIT_LOC_STRINGS = NO;
				SWIFT_VERSION = 5.0;
				TARGETED_DEVICE_FAMILY = "1,2";
				TEST_HOST = "$(BUILT_PRODUCTS_DIR)/ClipApp.app/$(BUNDLE_EXECUTABLE_FOLDER_PATH)/ClipApp";
			};
			name = Debug;
		};
		60AC2FE7290CC2A300503515 /* Release */ = {
			isa = XCBuildConfiguration;
			buildSettings = {
				ALWAYS_EMBED_SWIFT_STANDARD_LIBRARIES = YES;
				BUNDLE_LOADER = "$(TEST_HOST)";
				CODE_SIGN_STYLE = Automatic;
				CURRENT_PROJECT_VERSION = 1;
				DEVELOPMENT_TEAM = 9XQN429298;
				GENERATE_INFOPLIST_FILE = YES;
				IPHONEOS_DEPLOYMENT_TARGET = 16.0;
				MARKETING_VERSION = 1.0;
				PRODUCT_BUNDLE_IDENTIFIER = com.jesseoseafiana.ClipAppTests;
				PRODUCT_NAME = "$(TARGET_NAME)";
				SWIFT_EMIT_LOC_STRINGS = NO;
				SWIFT_VERSION = 5.0;
				TARGETED_DEVICE_FAMILY = "1,2";
				TEST_HOST = "$(BUILT_PRODUCTS_DIR)/ClipApp.app/$(BUNDLE_EXECUTABLE_FOLDER_PATH)/ClipApp";
			};
			name = Release;
		};
		60AC2FE9290CC2A300503515 /* Debug */ = {
			isa = XCBuildConfiguration;
			buildSettings = {
				ALWAYS_EMBED_SWIFT_STANDARD_LIBRARIES = YES;
				CODE_SIGN_STYLE = Automatic;
				CURRENT_PROJECT_VERSION = 1;
				DEVELOPMENT_TEAM = 9XQN429298;
				GENERATE_INFOPLIST_FILE = YES;
				MARKETING_VERSION = 1.0;
				PRODUCT_BUNDLE_IDENTIFIER = com.jesseoseafiana.ClipAppUITests;
				PRODUCT_NAME = "$(TARGET_NAME)";
				SWIFT_EMIT_LOC_STRINGS = NO;
				SWIFT_VERSION = 5.0;
				TARGETED_DEVICE_FAMILY = "1,2";
				TEST_TARGET_NAME = ClipApp;
			};
			name = Debug;
		};
		60AC2FEA290CC2A300503515 /* Release */ = {
			isa = XCBuildConfiguration;
			buildSettings = {
				ALWAYS_EMBED_SWIFT_STANDARD_LIBRARIES = YES;
				CODE_SIGN_STYLE = Automatic;
				CURRENT_PROJECT_VERSION = 1;
				DEVELOPMENT_TEAM = 9XQN429298;
				GENERATE_INFOPLIST_FILE = YES;
				MARKETING_VERSION = 1.0;
				PRODUCT_BUNDLE_IDENTIFIER = com.jesseoseafiana.ClipAppUITests;
				PRODUCT_NAME = "$(TARGET_NAME)";
				SWIFT_EMIT_LOC_STRINGS = NO;
				SWIFT_VERSION = 5.0;
				TARGETED_DEVICE_FAMILY = "1,2";
				TEST_TARGET_NAME = ClipApp;
			};
			name = Release;
		};
/* End XCBuildConfiguration section */

/* Begin XCConfigurationList section */
		60AC2FB0290CC2A200503515 /* Build configuration list for PBXProject "ClipApp" */ = {
			isa = XCConfigurationList;
			buildConfigurations = (
				60AC2FE0290CC2A300503515 /* Debug */,
				60AC2FE1290CC2A300503515 /* Release */,
			);
			defaultConfigurationIsVisible = 0;
			defaultConfigurationName = Release;
		};
		60AC2FE2290CC2A300503515 /* Build configuration list for PBXNativeTarget "ClipApp" */ = {
			isa = XCConfigurationList;
			buildConfigurations = (
				60AC2FE3290CC2A300503515 /* Debug */,
				60AC2FE4290CC2A300503515 /* Release */,
			);
			defaultConfigurationIsVisible = 0;
			defaultConfigurationName = Release;
		};
		60AC2FE5290CC2A300503515 /* Build configuration list for PBXNativeTarget "ClipAppTests" */ = {
			isa = XCConfigurationList;
			buildConfigurations = (
				60AC2FE6290CC2A300503515 /* Debug */,
				60AC2FE7290CC2A300503515 /* Release */,
			);
			defaultConfigurationIsVisible = 0;
			defaultConfigurationName = Release;
		};
		60AC2FE8290CC2A300503515 /* Build configuration list for PBXNativeTarget "ClipAppUITests" */ = {
			isa = XCConfigurationList;
			buildConfigurations = (
				60AC2FE9290CC2A300503515 /* Debug */,
				60AC2FEA290CC2A300503515 /* Release */,
			);
			defaultConfigurationIsVisible = 0;
			defaultConfigurationName = Release;
		};
/* End XCConfigurationList section */

/* Begin XCVersionGroup section */
		60AC2FC1290CC2A200503515 /* ClipApp.xcdatamodeld */ = {
			isa = XCVersionGroup;
			children = (
				60AC2FC2290CC2A200503515 /* ClipApp.xcdatamodel */,
			);
			currentVersion = 60AC2FC2290CC2A200503515 /* ClipApp.xcdatamodel */;
			path = ClipApp.xcdatamodeld;
			sourceTree = "<group>";
			versionGroupType = wrapper.xcdatamodel;
		};
/* End XCVersionGroup section */
	};
	rootObject = 60AC2FAD290CC2A200503515 /* Project object */;
}
