// !$*UTF8*$!
{
	archiveVersion = 1;
	classes = {
	};
	objectVersion = 53;
	objects = {

/* Begin PBXBuildFile section */
		57A413ED825D7A4C8E83DFAC /* Pods_Clic.framework in Frameworks */ = {isa = PBXBuildFile; fileRef = 90104FA6A40B16D8E3E16CE8 /* Pods_Clic.framework */; };
		603AB2CD290C703E00ECC963 /* Clic.app in Resources */ = {isa = PBXBuildFile; fileRef = 862DE42729046F4C00CAD31B /* Clic.app */; };
		603AB2CE290C704100ECC963 /* ClicTests.xctest in Resources */ = {isa = PBXBuildFile; fileRef = 862DE43D29046F4D00CAD31B /* ClicTests.xctest */; };
		603AB2CF290C704500ECC963 /* ClicUITests.xctest in Resources */ = {isa = PBXBuildFile; fileRef = 862DE44729046F4D00CAD31B /* ClicUITests.xctest */; };
		862DE42B29046F4C00CAD31B /* AppDelegate.swift in Sources */ = {isa = PBXBuildFile; fileRef = 862DE42A29046F4C00CAD31B /* AppDelegate.swift */; };
		862DE42D29046F4C00CAD31B /* SceneDelegate.swift in Sources */ = {isa = PBXBuildFile; fileRef = 862DE42C29046F4C00CAD31B /* SceneDelegate.swift */; };
		862DE42F29046F4C00CAD31B /* ViewController.swift in Sources */ = {isa = PBXBuildFile; fileRef = 862DE42E29046F4C00CAD31B /* ViewController.swift */; };
		862DE43229046F4C00CAD31B /* Main.storyboard in Resources */ = {isa = PBXBuildFile; fileRef = 862DE43029046F4C00CAD31B /* Main.storyboard */; };
		862DE43429046F4D00CAD31B /* Assets.xcassets in Resources */ = {isa = PBXBuildFile; fileRef = 862DE43329046F4D00CAD31B /* Assets.xcassets */; };
		862DE43729046F4D00CAD31B /* LaunchScreen.storyboard in Resources */ = {isa = PBXBuildFile; fileRef = 862DE43529046F4D00CAD31B /* LaunchScreen.storyboard */; };
		862DE44229046F4D00CAD31B /* ClicTests.swift in Sources */ = {isa = PBXBuildFile; fileRef = 862DE44129046F4D00CAD31B /* ClicTests.swift */; };
		862DE44C29046F4D00CAD31B /* ClicUITests.swift in Sources */ = {isa = PBXBuildFile; fileRef = 862DE44B29046F4D00CAD31B /* ClicUITests.swift */; };
		862DE44E29046F4D00CAD31B /* ClicUITestsLaunchTests.swift in Sources */ = {isa = PBXBuildFile; fileRef = 862DE44D29046F4D00CAD31B /* ClicUITestsLaunchTests.swift */; };
		B47468120CC11D30FEB3C2BB /* Pods_ClicTests.framework in Frameworks */ = {isa = PBXBuildFile; fileRef = 5BD06C4666DEF14F7649064F /* Pods_ClicTests.framework */; };
		D3EC100E804CC66A458DE5D3 /* Pods_Clic_ClicUITests.framework in Frameworks */ = {isa = PBXBuildFile; fileRef = B5C8FB040AE4AD17A177092E /* Pods_Clic_ClicUITests.framework */; };
/* End PBXBuildFile section */

/* Begin PBXContainerItemProxy section */
		862DE43E29046F4D00CAD31B /* PBXContainerItemProxy */ = {
			isa = PBXContainerItemProxy;
			containerPortal = 862DE41F29046F4C00CAD31B /* Project object */;
			proxyType = 1;
			remoteGlobalIDString = 862DE42629046F4C00CAD31B;
			remoteInfo = Clic;
		};
		862DE44829046F4D00CAD31B /* PBXContainerItemProxy */ = {
			isa = PBXContainerItemProxy;
			containerPortal = 862DE41F29046F4C00CAD31B /* Project object */;
			proxyType = 1;
			remoteGlobalIDString = 862DE42629046F4C00CAD31B;
			remoteInfo = Clic;
		};
/* End PBXContainerItemProxy section */

/* Begin PBXFileReference section */
		4428044E9EC0CECEFC113775 /* Pods-Clic-ClicUITests.debug.xcconfig */ = {isa = PBXFileReference; includeInIndex = 1; lastKnownFileType = text.xcconfig; name = "Pods-Clic-ClicUITests.debug.xcconfig"; path = "Target Support Files/Pods-Clic-ClicUITests/Pods-Clic-ClicUITests.debug.xcconfig"; sourceTree = "<group>"; };
		5BD06C4666DEF14F7649064F /* Pods_ClicTests.framework */ = {isa = PBXFileReference; explicitFileType = wrapper.framework; includeInIndex = 0; path = Pods_ClicTests.framework; sourceTree = BUILT_PRODUCTS_DIR; };
		5DA3FCD09D6620917AC0A3FB /* Pods-Clic-ClicUITests.release.xcconfig */ = {isa = PBXFileReference; includeInIndex = 1; lastKnownFileType = text.xcconfig; name = "Pods-Clic-ClicUITests.release.xcconfig"; path = "Target Support Files/Pods-Clic-ClicUITests/Pods-Clic-ClicUITests.release.xcconfig"; sourceTree = "<group>"; };
		6381F91C45DBF9F69E6A2D1B /* Pods-Clic.debug.xcconfig */ = {isa = PBXFileReference; includeInIndex = 1; lastKnownFileType = text.xcconfig; name = "Pods-Clic.debug.xcconfig"; path = "Target Support Files/Pods-Clic/Pods-Clic.debug.xcconfig"; sourceTree = "<group>"; };
		719995F8D3201D6D9C6963AA /* Pods-ClicTests.debug.xcconfig */ = {isa = PBXFileReference; includeInIndex = 1; lastKnownFileType = text.xcconfig; name = "Pods-ClicTests.debug.xcconfig"; path = "Target Support Files/Pods-ClicTests/Pods-ClicTests.debug.xcconfig"; sourceTree = "<group>"; };
		862DE42729046F4C00CAD31B /* Clic.app */ = {isa = PBXFileReference; explicitFileType = wrapper.application; includeInIndex = 0; path = Clic.app; sourceTree = BUILT_PRODUCTS_DIR; };
		862DE42A29046F4C00CAD31B /* AppDelegate.swift */ = {isa = PBXFileReference; lastKnownFileType = sourcecode.swift; path = AppDelegate.swift; sourceTree = "<group>"; };
		862DE42C29046F4C00CAD31B /* SceneDelegate.swift */ = {isa = PBXFileReference; lastKnownFileType = sourcecode.swift; path = SceneDelegate.swift; sourceTree = "<group>"; };
		862DE42E29046F4C00CAD31B /* ViewController.swift */ = {isa = PBXFileReference; lastKnownFileType = sourcecode.swift; path = ViewController.swift; sourceTree = "<group>"; };
		862DE43129046F4C00CAD31B /* Base */ = {isa = PBXFileReference; lastKnownFileType = file.storyboard; name = Base; path = Base.lproj/Main.storyboard; sourceTree = "<group>"; };
		862DE43329046F4D00CAD31B /* Assets.xcassets */ = {isa = PBXFileReference; lastKnownFileType = folder.assetcatalog; path = Assets.xcassets; sourceTree = "<group>"; };
		862DE43629046F4D00CAD31B /* Base */ = {isa = PBXFileReference; lastKnownFileType = file.storyboard; name = Base; path = Base.lproj/LaunchScreen.storyboard; sourceTree = "<group>"; };
		862DE43829046F4D00CAD31B /* Info.plist */ = {isa = PBXFileReference; lastKnownFileType = text.plist.xml; path = Info.plist; sourceTree = "<group>"; };
		862DE43D29046F4D00CAD31B /* ClicTests.xctest */ = {isa = PBXFileReference; explicitFileType = wrapper.cfbundle; includeInIndex = 0; path = ClicTests.xctest; sourceTree = BUILT_PRODUCTS_DIR; };
		862DE44129046F4D00CAD31B /* ClicTests.swift */ = {isa = PBXFileReference; lastKnownFileType = sourcecode.swift; path = ClicTests.swift; sourceTree = "<group>"; };
		862DE44729046F4D00CAD31B /* ClicUITests.xctest */ = {isa = PBXFileReference; explicitFileType = wrapper.cfbundle; includeInIndex = 0; path = ClicUITests.xctest; sourceTree = BUILT_PRODUCTS_DIR; };
		862DE44B29046F4D00CAD31B /* ClicUITests.swift */ = {isa = PBXFileReference; lastKnownFileType = sourcecode.swift; path = ClicUITests.swift; sourceTree = "<group>"; };
		862DE44D29046F4D00CAD31B /* ClicUITestsLaunchTests.swift */ = {isa = PBXFileReference; lastKnownFileType = sourcecode.swift; path = ClicUITestsLaunchTests.swift; sourceTree = "<group>"; };
		90104FA6A40B16D8E3E16CE8 /* Pods_Clic.framework */ = {isa = PBXFileReference; explicitFileType = wrapper.framework; includeInIndex = 0; path = Pods_Clic.framework; sourceTree = BUILT_PRODUCTS_DIR; };
		950DC06DC0ACF2DFE3F33C77 /* Pods-Clic.release.xcconfig */ = {isa = PBXFileReference; includeInIndex = 1; lastKnownFileType = text.xcconfig; name = "Pods-Clic.release.xcconfig"; path = "Target Support Files/Pods-Clic/Pods-Clic.release.xcconfig"; sourceTree = "<group>"; };
		B5C8FB040AE4AD17A177092E /* Pods_Clic_ClicUITests.framework */ = {isa = PBXFileReference; explicitFileType = wrapper.framework; includeInIndex = 0; path = Pods_Clic_ClicUITests.framework; sourceTree = BUILT_PRODUCTS_DIR; };
		CC9FAFAF7CFAC44E62240DFD /* Pods-ClicTests.release.xcconfig */ = {isa = PBXFileReference; includeInIndex = 1; lastKnownFileType = text.xcconfig; name = "Pods-ClicTests.release.xcconfig"; path = "Target Support Files/Pods-ClicTests/Pods-ClicTests.release.xcconfig"; sourceTree = "<group>"; };
/* End PBXFileReference section */

/* Begin PBXFrameworksBuildPhase section */
		862DE42429046F4C00CAD31B /* Frameworks */ = {
			isa = PBXFrameworksBuildPhase;
			buildActionMask = 2147483647;
			files = (
				57A413ED825D7A4C8E83DFAC /* Pods_Clic.framework in Frameworks */,
			);
			runOnlyForDeploymentPostprocessing = 0;
		};
		862DE43A29046F4D00CAD31B /* Frameworks */ = {
			isa = PBXFrameworksBuildPhase;
			buildActionMask = 2147483647;
			files = (
				B47468120CC11D30FEB3C2BB /* Pods_ClicTests.framework in Frameworks */,
			);
			runOnlyForDeploymentPostprocessing = 0;
		};
		862DE44429046F4D00CAD31B /* Frameworks */ = {
			isa = PBXFrameworksBuildPhase;
			buildActionMask = 2147483647;
			files = (
				D3EC100E804CC66A458DE5D3 /* Pods_Clic_ClicUITests.framework in Frameworks */,
			);
			runOnlyForDeploymentPostprocessing = 0;
		};
/* End PBXFrameworksBuildPhase section */

/* Begin PBXGroup section */
		489F03C9C5804A28BAB1BCB1 /* Frameworks */ = {
			isa = PBXGroup;
			children = (
				90104FA6A40B16D8E3E16CE8 /* Pods_Clic.framework */,
				B5C8FB040AE4AD17A177092E /* Pods_Clic_ClicUITests.framework */,
				5BD06C4666DEF14F7649064F /* Pods_ClicTests.framework */,
			);
			name = Frameworks;
			sourceTree = "<group>";
		};
		862DE41E29046F4C00CAD31B = {
			isa = PBXGroup;
			children = (
				862DE42929046F4C00CAD31B /* Clic */,
				862DE44029046F4D00CAD31B /* ClicTests */,
				862DE44A29046F4D00CAD31B /* ClicUITests */,
				862DE42829046F4C00CAD31B /* Products */,
				8FCCA16092781C3DE7195249 /* Pods */,
				489F03C9C5804A28BAB1BCB1 /* Frameworks */,
			);
			sourceTree = "<group>";
		};
		862DE42829046F4C00CAD31B /* Products */ = {
			isa = PBXGroup;
			children = (
				862DE42729046F4C00CAD31B /* Clic.app */,
				862DE43D29046F4D00CAD31B /* ClicTests.xctest */,
				862DE44729046F4D00CAD31B /* ClicUITests.xctest */,
			);
			name = Products;
			sourceTree = "<group>";
		};
		862DE42929046F4C00CAD31B /* Clic */ = {
			isa = PBXGroup;
			children = (
				862DE42A29046F4C00CAD31B /* AppDelegate.swift */,
				862DE42C29046F4C00CAD31B /* SceneDelegate.swift */,
				862DE42E29046F4C00CAD31B /* ViewController.swift */,
				862DE43029046F4C00CAD31B /* Main.storyboard */,
				862DE43529046F4D00CAD31B /* LaunchScreen.storyboard */,
				862DE43329046F4D00CAD31B /* Assets.xcassets */,
				862DE43829046F4D00CAD31B /* Info.plist */,
			);
			path = Clic;
			sourceTree = "<group>";
		};
		862DE44029046F4D00CAD31B /* ClicTests */ = {
			isa = PBXGroup;
			children = (
				862DE44129046F4D00CAD31B /* ClicTests.swift */,
			);
			path = ClicTests;
			sourceTree = "<group>";
		};
		862DE44A29046F4D00CAD31B /* ClicUITests */ = {
			isa = PBXGroup;
			children = (
				862DE44B29046F4D00CAD31B /* ClicUITests.swift */,
				862DE44D29046F4D00CAD31B /* ClicUITestsLaunchTests.swift */,
			);
			path = ClicUITests;
			sourceTree = "<group>";
		};
		8FCCA16092781C3DE7195249 /* Pods */ = {
			isa = PBXGroup;
			children = (
				6381F91C45DBF9F69E6A2D1B /* Pods-Clic.debug.xcconfig */,
				950DC06DC0ACF2DFE3F33C77 /* Pods-Clic.release.xcconfig */,
				4428044E9EC0CECEFC113775 /* Pods-Clic-ClicUITests.debug.xcconfig */,
				5DA3FCD09D6620917AC0A3FB /* Pods-Clic-ClicUITests.release.xcconfig */,
				719995F8D3201D6D9C6963AA /* Pods-ClicTests.debug.xcconfig */,
				CC9FAFAF7CFAC44E62240DFD /* Pods-ClicTests.release.xcconfig */,
			);
			path = Pods;
			sourceTree = "<group>";
		};
/* End PBXGroup section */

/* Begin PBXNativeTarget section */
		862DE42629046F4C00CAD31B /* Clic */ = {
			isa = PBXNativeTarget;
			buildConfigurationList = 862DE45129046F4D00CAD31B /* Build configuration list for PBXNativeTarget "Clic" */;
			buildPhases = (
				BA846E0FE34C61F4348F2002 /* [CP] Check Pods Manifest.lock */,
				862DE42329046F4C00CAD31B /* Sources */,
				862DE42429046F4C00CAD31B /* Frameworks */,
				862DE42529046F4C00CAD31B /* Resources */,
				1E5D8BD4D91EB7FB5688C60A /* [CP] Embed Pods Frameworks */,
			);
			buildRules = (
			);
			dependencies = (
			);
			name = Clic;
			productName = Clic;
			productReference = 862DE42729046F4C00CAD31B /* Clic.app */;
			productType = "com.apple.product-type.application";
		};
		862DE43C29046F4D00CAD31B /* ClicTests */ = {
			isa = PBXNativeTarget;
			buildConfigurationList = 862DE45429046F4D00CAD31B /* Build configuration list for PBXNativeTarget "ClicTests" */;
			buildPhases = (
				1E5CB828409C097C2FF38C5B /* [CP] Check Pods Manifest.lock */,
				862DE43929046F4D00CAD31B /* Sources */,
				862DE43A29046F4D00CAD31B /* Frameworks */,
				862DE43B29046F4D00CAD31B /* Resources */,
			);
			buildRules = (
			);
			dependencies = (
				862DE43F29046F4D00CAD31B /* PBXTargetDependency */,
			);
			name = ClicTests;
			productName = ClicTests;
			productReference = 862DE43D29046F4D00CAD31B /* ClicTests.xctest */;
			productType = "com.apple.product-type.bundle.unit-test";
		};
		862DE44629046F4D00CAD31B /* ClicUITests */ = {
			isa = PBXNativeTarget;
			buildConfigurationList = 862DE45729046F4D00CAD31B /* Build configuration list for PBXNativeTarget "ClicUITests" */;
			buildPhases = (
				2351E0F1B895395723D55249 /* [CP] Check Pods Manifest.lock */,
				862DE44329046F4D00CAD31B /* Sources */,
				862DE44429046F4D00CAD31B /* Frameworks */,
				862DE44529046F4D00CAD31B /* Resources */,
				96854F25DB780D93BDA36765 /* [CP] Embed Pods Frameworks */,
			);
			buildRules = (
			);
			dependencies = (
				862DE44929046F4D00CAD31B /* PBXTargetDependency */,
			);
			name = ClicUITests;
			productName = ClicUITests;
			productReference = 862DE44729046F4D00CAD31B /* ClicUITests.xctest */;
			productType = "com.apple.product-type.bundle.ui-testing";
		};
/* End PBXNativeTarget section */

/* Begin PBXProject section */
		862DE41F29046F4C00CAD31B /* Project object */ = {
			isa = PBXProject;
			attributes = {
				BuildIndependentTargetsInParallel = 1;
				LastSwiftUpdateCheck = 1400;
				LastUpgradeCheck = 1400;
				TargetAttributes = {
					862DE42629046F4C00CAD31B = {
						CreatedOnToolsVersion = 14.0.1;
					};
					862DE43C29046F4D00CAD31B = {
						CreatedOnToolsVersion = 14.0.1;
						TestTargetID = 862DE42629046F4C00CAD31B;
					};
					862DE44629046F4D00CAD31B = {
						CreatedOnToolsVersion = 14.0.1;
						TestTargetID = 862DE42629046F4C00CAD31B;
					};
				};
			};
			buildConfigurationList = 862DE42229046F4C00CAD31B /* Build configuration list for PBXProject "Clic" */;
			compatibilityVersion = "Xcode 11.0";
			developmentRegion = en;
			hasScannedForEncodings = 0;
			knownRegions = (
				en,
				Base,
			);
			mainGroup = 862DE41E29046F4C00CAD31B;
			productRefGroup = 862DE42829046F4C00CAD31B /* Products */;
			projectDirPath = "";
			projectRoot = "";
			targets = (
				862DE42629046F4C00CAD31B /* Clic */,
				862DE43C29046F4D00CAD31B /* ClicTests */,
				862DE44629046F4D00CAD31B /* ClicUITests */,
			);
		};
/* End PBXProject section */

/* Begin PBXResourcesBuildPhase section */
		862DE42529046F4C00CAD31B /* Resources */ = {
			isa = PBXResourcesBuildPhase;
			buildActionMask = 2147483647;
			files = (
				862DE43729046F4D00CAD31B /* LaunchScreen.storyboard in Resources */,
				603AB2CE290C704100ECC963 /* ClicTests.xctest in Resources */,
				862DE43429046F4D00CAD31B /* Assets.xcassets in Resources */,
				603AB2CF290C704500ECC963 /* ClicUITests.xctest in Resources */,
				603AB2CD290C703E00ECC963 /* Clic.app in Resources */,
				862DE43229046F4C00CAD31B /* Main.storyboard in Resources */,
			);
			runOnlyForDeploymentPostprocessing = 0;
		};
		862DE43B29046F4D00CAD31B /* Resources */ = {
			isa = PBXResourcesBuildPhase;
			buildActionMask = 2147483647;
			files = (
			);
			runOnlyForDeploymentPostprocessing = 0;
		};
		862DE44529046F4D00CAD31B /* Resources */ = {
			isa = PBXResourcesBuildPhase;
			buildActionMask = 2147483647;
			files = (
			);
			runOnlyForDeploymentPostprocessing = 0;
		};
/* End PBXResourcesBuildPhase section */

/* Begin PBXShellScriptBuildPhase section */
		1E5CB828409C097C2FF38C5B /* [CP] Check Pods Manifest.lock */ = {
			isa = PBXShellScriptBuildPhase;
			buildActionMask = 2147483647;
			files = (
			);
			inputFileListPaths = (
			);
			inputPaths = (
				"${PODS_PODFILE_DIR_PATH}/Podfile.lock",
				"${PODS_ROOT}/Manifest.lock",
			);
			name = "[CP] Check Pods Manifest.lock";
			outputFileListPaths = (
			);
			outputPaths = (
				"$(DERIVED_FILE_DIR)/Pods-ClicTests-checkManifestLockResult.txt",
			);
			runOnlyForDeploymentPostprocessing = 0;
			shellPath = /bin/sh;
			shellScript = "diff \"${PODS_PODFILE_DIR_PATH}/Podfile.lock\" \"${PODS_ROOT}/Manifest.lock\" > /dev/null\nif [ $? != 0 ] ; then\n    # print error to STDERR\n    echo \"error: The sandbox is not in sync with the Podfile.lock. Run 'pod install' or update your CocoaPods installation.\" >&2\n    exit 1\nfi\n# This output is used by Xcode 'outputs' to avoid re-running this script phase.\necho \"SUCCESS\" > \"${SCRIPT_OUTPUT_FILE_0}\"\n";
			showEnvVarsInLog = 0;
		};
		1E5D8BD4D91EB7FB5688C60A /* [CP] Embed Pods Frameworks */ = {
			isa = PBXShellScriptBuildPhase;
			buildActionMask = 2147483647;
			files = (
			);
			inputFileListPaths = (
				"${PODS_ROOT}/Target Support Files/Pods-Clic/Pods-Clic-frameworks-${CONFIGURATION}-input-files.xcfilelist",
			);
			name = "[CP] Embed Pods Frameworks";
			outputFileListPaths = (
				"${PODS_ROOT}/Target Support Files/Pods-Clic/Pods-Clic-frameworks-${CONFIGURATION}-output-files.xcfilelist",
			);
			runOnlyForDeploymentPostprocessing = 0;
			shellPath = /bin/sh;
			shellScript = "\"${PODS_ROOT}/Target Support Files/Pods-Clic/Pods-Clic-frameworks.sh\"\n";
			showEnvVarsInLog = 0;
		};
		2351E0F1B895395723D55249 /* [CP] Check Pods Manifest.lock */ = {
			isa = PBXShellScriptBuildPhase;
			buildActionMask = 2147483647;
			files = (
			);
			inputFileListPaths = (
			);
			inputPaths = (
				"${PODS_PODFILE_DIR_PATH}/Podfile.lock",
				"${PODS_ROOT}/Manifest.lock",
			);
			name = "[CP] Check Pods Manifest.lock";
			outputFileListPaths = (
			);
			outputPaths = (
				"$(DERIVED_FILE_DIR)/Pods-Clic-ClicUITests-checkManifestLockResult.txt",
			);
			runOnlyForDeploymentPostprocessing = 0;
			shellPath = /bin/sh;
			shellScript = "diff \"${PODS_PODFILE_DIR_PATH}/Podfile.lock\" \"${PODS_ROOT}/Manifest.lock\" > /dev/null\nif [ $? != 0 ] ; then\n    # print error to STDERR\n    echo \"error: The sandbox is not in sync with the Podfile.lock. Run 'pod install' or update your CocoaPods installation.\" >&2\n    exit 1\nfi\n# This output is used by Xcode 'outputs' to avoid re-running this script phase.\necho \"SUCCESS\" > \"${SCRIPT_OUTPUT_FILE_0}\"\n";
			showEnvVarsInLog = 0;
		};
		96854F25DB780D93BDA36765 /* [CP] Embed Pods Frameworks */ = {
			isa = PBXShellScriptBuildPhase;
			buildActionMask = 2147483647;
			files = (
			);
			inputFileListPaths = (
				"${PODS_ROOT}/Target Support Files/Pods-Clic-ClicUITests/Pods-Clic-ClicUITests-frameworks-${CONFIGURATION}-input-files.xcfilelist",
			);
			name = "[CP] Embed Pods Frameworks";
			outputFileListPaths = (
				"${PODS_ROOT}/Target Support Files/Pods-Clic-ClicUITests/Pods-Clic-ClicUITests-frameworks-${CONFIGURATION}-output-files.xcfilelist",
			);
			runOnlyForDeploymentPostprocessing = 0;
			shellPath = /bin/sh;
			shellScript = "\"${PODS_ROOT}/Target Support Files/Pods-Clic-ClicUITests/Pods-Clic-ClicUITests-frameworks.sh\"\n";
			showEnvVarsInLog = 0;
		};
		BA846E0FE34C61F4348F2002 /* [CP] Check Pods Manifest.lock */ = {
			isa = PBXShellScriptBuildPhase;
			buildActionMask = 2147483647;
			files = (
			);
			inputFileListPaths = (
			);
			inputPaths = (
				"${PODS_PODFILE_DIR_PATH}/Podfile.lock",
				"${PODS_ROOT}/Manifest.lock",
			);
			name = "[CP] Check Pods Manifest.lock";
			outputFileListPaths = (
			);
			outputPaths = (
				"$(DERIVED_FILE_DIR)/Pods-Clic-checkManifestLockResult.txt",
			);
			runOnlyForDeploymentPostprocessing = 0;
			shellPath = /bin/sh;
			shellScript = "diff \"${PODS_PODFILE_DIR_PATH}/Podfile.lock\" \"${PODS_ROOT}/Manifest.lock\" > /dev/null\nif [ $? != 0 ] ; then\n    # print error to STDERR\n    echo \"error: The sandbox is not in sync with the Podfile.lock. Run 'pod install' or update your CocoaPods installation.\" >&2\n    exit 1\nfi\n# This output is used by Xcode 'outputs' to avoid re-running this script phase.\necho \"SUCCESS\" > \"${SCRIPT_OUTPUT_FILE_0}\"\n";
			showEnvVarsInLog = 0;
		};
/* End PBXShellScriptBuildPhase section */

/* Begin PBXSourcesBuildPhase section */
		862DE42329046F4C00CAD31B /* Sources */ = {
			isa = PBXSourcesBuildPhase;
			buildActionMask = 2147483647;
			files = (
				862DE42F29046F4C00CAD31B /* ViewController.swift in Sources */,
				862DE42B29046F4C00CAD31B /* AppDelegate.swift in Sources */,
				862DE42D29046F4C00CAD31B /* SceneDelegate.swift in Sources */,
			);
			runOnlyForDeploymentPostprocessing = 0;
		};
		862DE43929046F4D00CAD31B /* Sources */ = {
			isa = PBXSourcesBuildPhase;
			buildActionMask = 2147483647;
			files = (
				862DE44229046F4D00CAD31B /* ClicTests.swift in Sources */,
			);
			runOnlyForDeploymentPostprocessing = 0;
		};
		862DE44329046F4D00CAD31B /* Sources */ = {
			isa = PBXSourcesBuildPhase;
			buildActionMask = 2147483647;
			files = (
				862DE44C29046F4D00CAD31B /* ClicUITests.swift in Sources */,
				862DE44E29046F4D00CAD31B /* ClicUITestsLaunchTests.swift in Sources */,
			);
			runOnlyForDeploymentPostprocessing = 0;
		};
/* End PBXSourcesBuildPhase section */

/* Begin PBXTargetDependency section */
		862DE43F29046F4D00CAD31B /* PBXTargetDependency */ = {
			isa = PBXTargetDependency;
			target = 862DE42629046F4C00CAD31B /* Clic */;
			targetProxy = 862DE43E29046F4D00CAD31B /* PBXContainerItemProxy */;
		};
		862DE44929046F4D00CAD31B /* PBXTargetDependency */ = {
			isa = PBXTargetDependency;
			target = 862DE42629046F4C00CAD31B /* Clic */;
			targetProxy = 862DE44829046F4D00CAD31B /* PBXContainerItemProxy */;
		};
/* End PBXTargetDependency section */

/* Begin PBXVariantGroup section */
		862DE43029046F4C00CAD31B /* Main.storyboard */ = {
			isa = PBXVariantGroup;
			children = (
				862DE43129046F4C00CAD31B /* Base */,
			);
			name = Main.storyboard;
			sourceTree = "<group>";
		};
		862DE43529046F4D00CAD31B /* LaunchScreen.storyboard */ = {
			isa = PBXVariantGroup;
			children = (
				862DE43629046F4D00CAD31B /* Base */,
			);
			name = LaunchScreen.storyboard;
			sourceTree = "<group>";
		};
/* End PBXVariantGroup section */

/* Begin XCBuildConfiguration section */
		862DE44F29046F4D00CAD31B /* Debug */ = {
			isa = XCBuildConfiguration;
			buildSettings = {
				ALWAYS_SEARCH_USER_PATHS = NO;
				CLANG_ANALYZER_NONNULL = YES;
				CLANG_ANALYZER_NUMBER_OBJECT_CONVERSION = YES_AGGRESSIVE;
				CLANG_CXX_LANGUAGE_STANDARD = "gnu++20";
				CLANG_ENABLE_MODULES = YES;
				CLANG_ENABLE_OBJC_ARC = YES;
				CLANG_ENABLE_OBJC_WEAK = YES;
				CLANG_WARN_BLOCK_CAPTURE_AUTORELEASING = YES;
				CLANG_WARN_BOOL_CONVERSION = YES;
				CLANG_WARN_COMMA = YES;
				CLANG_WARN_CONSTANT_CONVERSION = YES;
				CLANG_WARN_DEPRECATED_OBJC_IMPLEMENTATIONS = YES;
				CLANG_WARN_DIRECT_OBJC_ISA_USAGE = YES_ERROR;
				CLANG_WARN_DOCUMENTATION_COMMENTS = YES;
				CLANG_WARN_EMPTY_BODY = YES;
				CLANG_WARN_ENUM_CONVERSION = YES;
				CLANG_WARN_INFINITE_RECURSION = YES;
				CLANG_WARN_INT_CONVERSION = YES;
				CLANG_WARN_NON_LITERAL_NULL_CONVERSION = YES;
				CLANG_WARN_OBJC_IMPLICIT_RETAIN_SELF = YES;
				CLANG_WARN_OBJC_LITERAL_CONVERSION = YES;
				CLANG_WARN_OBJC_ROOT_CLASS = YES_ERROR;
				CLANG_WARN_QUOTED_INCLUDE_IN_FRAMEWORK_HEADER = YES;
				CLANG_WARN_RANGE_LOOP_ANALYSIS = YES;
				CLANG_WARN_STRICT_PROTOTYPES = YES;
				CLANG_WARN_SUSPICIOUS_MOVE = YES;
				CLANG_WARN_UNGUARDED_AVAILABILITY = YES_AGGRESSIVE;
				CLANG_WARN_UNREACHABLE_CODE = YES;
				CLANG_WARN__DUPLICATE_METHOD_MATCH = YES;
				COPY_PHASE_STRIP = NO;
				DEBUG_INFORMATION_FORMAT = dwarf;
				ENABLE_STRICT_OBJC_MSGSEND = YES;
				ENABLE_TESTABILITY = YES;
				GCC_C_LANGUAGE_STANDARD = gnu11;
				GCC_DYNAMIC_NO_PIC = NO;
				GCC_NO_COMMON_BLOCKS = YES;
				GCC_OPTIMIZATION_LEVEL = 0;
				GCC_PREPROCESSOR_DEFINITIONS = (
					"DEBUG=1",
					"$(inherited)",
				);
				GCC_WARN_64_TO_32_BIT_CONVERSION = YES;
				GCC_WARN_ABOUT_RETURN_TYPE = YES_ERROR;
				GCC_WARN_UNDECLARED_SELECTOR = YES;
				GCC_WARN_UNINITIALIZED_AUTOS = YES_AGGRESSIVE;
				GCC_WARN_UNUSED_FUNCTION = YES;
				GCC_WARN_UNUSED_VARIABLE = YES;
				IPHONEOS_DEPLOYMENT_TARGET = 16.0;
				MTL_ENABLE_DEBUG_INFO = INCLUDE_SOURCE;
				MTL_FAST_MATH = YES;
				ONLY_ACTIVE_ARCH = YES;
				SDKROOT = iphoneos;
				SWIFT_ACTIVE_COMPILATION_CONDITIONS = DEBUG;
				SWIFT_OPTIMIZATION_LEVEL = "-Onone";
			};
			name = Debug;
		};
		862DE45029046F4D00CAD31B /* Release */ = {
			isa = XCBuildConfiguration;
			buildSettings = {
				ALWAYS_SEARCH_USER_PATHS = NO;
				CLANG_ANALYZER_NONNULL = YES;
				CLANG_ANALYZER_NUMBER_OBJECT_CONVERSION = YES_AGGRESSIVE;
				CLANG_CXX_LANGUAGE_STANDARD = "gnu++20";
				CLANG_ENABLE_MODULES = YES;
				CLANG_ENABLE_OBJC_ARC = YES;
				CLANG_ENABLE_OBJC_WEAK = YES;
				CLANG_WARN_BLOCK_CAPTURE_AUTORELEASING = YES;
				CLANG_WARN_BOOL_CONVERSION = YES;
				CLANG_WARN_COMMA = YES;
				CLANG_WARN_CONSTANT_CONVERSION = YES;
				CLANG_WARN_DEPRECATED_OBJC_IMPLEMENTATIONS = YES;
				CLANG_WARN_DIRECT_OBJC_ISA_USAGE = YES_ERROR;
				CLANG_WARN_DOCUMENTATION_COMMENTS = YES;
				CLANG_WARN_EMPTY_BODY = YES;
				CLANG_WARN_ENUM_CONVERSION = YES;
				CLANG_WARN_INFINITE_RECURSION = YES;
				CLANG_WARN_INT_CONVERSION = YES;
				CLANG_WARN_NON_LITERAL_NULL_CONVERSION = YES;
				CLANG_WARN_OBJC_IMPLICIT_RETAIN_SELF = YES;
				CLANG_WARN_OBJC_LITERAL_CONVERSION = YES;
				CLANG_WARN_OBJC_ROOT_CLASS = YES_ERROR;
				CLANG_WARN_QUOTED_INCLUDE_IN_FRAMEWORK_HEADER = YES;
				CLANG_WARN_RANGE_LOOP_ANALYSIS = YES;
				CLANG_WARN_STRICT_PROTOTYPES = YES;
				CLANG_WARN_SUSPICIOUS_MOVE = YES;
				CLANG_WARN_UNGUARDED_AVAILABILITY = YES_AGGRESSIVE;
				CLANG_WARN_UNREACHABLE_CODE = YES;
				CLANG_WARN__DUPLICATE_METHOD_MATCH = YES;
				COPY_PHASE_STRIP = NO;
				DEBUG_INFORMATION_FORMAT = "dwarf-with-dsym";
				ENABLE_NS_ASSERTIONS = NO;
				ENABLE_STRICT_OBJC_MSGSEND = YES;
				GCC_C_LANGUAGE_STANDARD = gnu11;
				GCC_NO_COMMON_BLOCKS = YES;
				GCC_WARN_64_TO_32_BIT_CONVERSION = YES;
				GCC_WARN_ABOUT_RETURN_TYPE = YES_ERROR;
				GCC_WARN_UNDECLARED_SELECTOR = YES;
				GCC_WARN_UNINITIALIZED_AUTOS = YES_AGGRESSIVE;
				GCC_WARN_UNUSED_FUNCTION = YES;
				GCC_WARN_UNUSED_VARIABLE = YES;
				IPHONEOS_DEPLOYMENT_TARGET = 16.0;
				MTL_ENABLE_DEBUG_INFO = NO;
				MTL_FAST_MATH = YES;
				SDKROOT = iphoneos;
				SWIFT_COMPILATION_MODE = wholemodule;
				SWIFT_OPTIMIZATION_LEVEL = "-O";
				VALIDATE_PRODUCT = YES;
			};
			name = Release;
		};
		862DE45229046F4D00CAD31B /* Debug */ = {
			isa = XCBuildConfiguration;
			baseConfigurationReference = 6381F91C45DBF9F69E6A2D1B /* Pods-Clic.debug.xcconfig */;
			buildSettings = {
				ASSETCATALOG_COMPILER_APPICON_NAME = AppIcon;
				ASSETCATALOG_COMPILER_GLOBAL_ACCENT_COLOR_NAME = AccentColor;
				CODE_SIGN_STYLE = Automatic;
				CURRENT_PROJECT_VERSION = 1;
				DEVELOPMENT_TEAM = 9XQN429298;
				GENERATE_INFOPLIST_FILE = YES;
				INFOPLIST_FILE = Clic/Info.plist;
				INFOPLIST_KEY_UIApplicationSupportsIndirectInputEvents = YES;
				INFOPLIST_KEY_UILaunchStoryboardName = LaunchScreen;
				INFOPLIST_KEY_UIMainStoryboardFile = Main;
				INFOPLIST_KEY_UISupportedInterfaceOrientations_iPad = "UIInterfaceOrientationPortrait UIInterfaceOrientationPortraitUpsideDown UIInterfaceOrientationLandscapeLeft UIInterfaceOrientationLandscapeRight";
				INFOPLIST_KEY_UISupportedInterfaceOrientations_iPhone = "UIInterfaceOrientationPortrait UIInterfaceOrientationLandscapeLeft UIInterfaceOrientationLandscapeRight";
				LD_RUNPATH_SEARCH_PATHS = (
					"$(inherited)",
					"@executable_path/Frameworks",
				);
				MARKETING_VERSION = 1.0;
				PRODUCT_BUNDLE_IDENTIFIER = com.ritik3411.Clic;
				PRODUCT_NAME = "$(TARGET_NAME)";
				SWIFT_EMIT_LOC_STRINGS = YES;
				SWIFT_VERSION = 5.0;
				TARGETED_DEVICE_FAMILY = "1,2";
			};
			name = Debug;
		};
		862DE45329046F4D00CAD31B /* Release */ = {
			isa = XCBuildConfiguration;
			baseConfigurationReference = 950DC06DC0ACF2DFE3F33C77 /* Pods-Clic.release.xcconfig */;
			buildSettings = {
				ASSETCATALOG_COMPILER_APPICON_NAME = AppIcon;
				ASSETCATALOG_COMPILER_GLOBAL_ACCENT_COLOR_NAME = AccentColor;
				CODE_SIGN_STYLE = Automatic;
				CURRENT_PROJECT_VERSION = 1;
				DEVELOPMENT_TEAM = 9XQN429298;
				GENERATE_INFOPLIST_FILE = YES;
				INFOPLIST_FILE = Clic/Info.plist;
				INFOPLIST_KEY_UIApplicationSupportsIndirectInputEvents = YES;
				INFOPLIST_KEY_UILaunchStoryboardName = LaunchScreen;
				INFOPLIST_KEY_UIMainStoryboardFile = Main;
				INFOPLIST_KEY_UISupportedInterfaceOrientations_iPad = "UIInterfaceOrientationPortrait UIInterfaceOrientationPortraitUpsideDown UIInterfaceOrientationLandscapeLeft UIInterfaceOrientationLandscapeRight";
				INFOPLIST_KEY_UISupportedInterfaceOrientations_iPhone = "UIInterfaceOrientationPortrait UIInterfaceOrientationLandscapeLeft UIInterfaceOrientationLandscapeRight";
				LD_RUNPATH_SEARCH_PATHS = (
					"$(inherited)",
					"@executable_path/Frameworks",
				);
				MARKETING_VERSION = 1.0;
				PRODUCT_BUNDLE_IDENTIFIER = com.ritik3411.Clic;
				PRODUCT_NAME = "$(TARGET_NAME)";
				SWIFT_EMIT_LOC_STRINGS = YES;
				SWIFT_VERSION = 5.0;
				TARGETED_DEVICE_FAMILY = "1,2";
			};
			name = Release;
		};
		862DE45529046F4D00CAD31B /* Debug */ = {
			isa = XCBuildConfiguration;
			baseConfigurationReference = 719995F8D3201D6D9C6963AA /* Pods-ClicTests.debug.xcconfig */;
			buildSettings = {
				ALWAYS_EMBED_SWIFT_STANDARD_LIBRARIES = YES;
				BUNDLE_LOADER = "$(TEST_HOST)";
				CODE_SIGN_STYLE = Automatic;
				CURRENT_PROJECT_VERSION = 1;
				DEVELOPMENT_TEAM = D37ZSULAQW;
				GENERATE_INFOPLIST_FILE = YES;
				IPHONEOS_DEPLOYMENT_TARGET = 16.0;
				MARKETING_VERSION = 1.0;
				PRODUCT_BUNDLE_IDENTIFIER = com.ritik3411.ClicTests;
				PRODUCT_NAME = "$(TARGET_NAME)";
				SWIFT_EMIT_LOC_STRINGS = NO;
				SWIFT_VERSION = 5.0;
				TARGETED_DEVICE_FAMILY = "1,2";
				TEST_HOST = "$(BUILT_PRODUCTS_DIR)/Clic.app/$(BUNDLE_EXECUTABLE_FOLDER_PATH)/Clic";
			};
			name = Debug;
		};
		862DE45629046F4D00CAD31B /* Release */ = {
			isa = XCBuildConfiguration;
			baseConfigurationReference = CC9FAFAF7CFAC44E62240DFD /* Pods-ClicTests.release.xcconfig */;
			buildSettings = {
				ALWAYS_EMBED_SWIFT_STANDARD_LIBRARIES = YES;
				BUNDLE_LOADER = "$(TEST_HOST)";
				CODE_SIGN_STYLE = Automatic;
				CURRENT_PROJECT_VERSION = 1;
				DEVELOPMENT_TEAM = D37ZSULAQW;
				GENERATE_INFOPLIST_FILE = YES;
				IPHONEOS_DEPLOYMENT_TARGET = 16.0;
				MARKETING_VERSION = 1.0;
				PRODUCT_BUNDLE_IDENTIFIER = com.ritik3411.ClicTests;
				PRODUCT_NAME = "$(TARGET_NAME)";
				SWIFT_EMIT_LOC_STRINGS = NO;
				SWIFT_VERSION = 5.0;
				TARGETED_DEVICE_FAMILY = "1,2";
				TEST_HOST = "$(BUILT_PRODUCTS_DIR)/Clic.app/$(BUNDLE_EXECUTABLE_FOLDER_PATH)/Clic";
			};
			name = Release;
		};
		862DE45829046F4D00CAD31B /* Debug */ = {
			isa = XCBuildConfiguration;
			baseConfigurationReference = 4428044E9EC0CECEFC113775 /* Pods-Clic-ClicUITests.debug.xcconfig */;
			buildSettings = {
				ALWAYS_EMBED_SWIFT_STANDARD_LIBRARIES = YES;
				CODE_SIGN_STYLE = Automatic;
				CURRENT_PROJECT_VERSION = 1;
				DEVELOPMENT_TEAM = D37ZSULAQW;
				GENERATE_INFOPLIST_FILE = YES;
				MARKETING_VERSION = 1.0;
				PRODUCT_BUNDLE_IDENTIFIER = com.ritik3411.ClicUITests;
				PRODUCT_NAME = "$(TARGET_NAME)";
				SWIFT_EMIT_LOC_STRINGS = NO;
				SWIFT_VERSION = 5.0;
				TARGETED_DEVICE_FAMILY = "1,2";
				TEST_TARGET_NAME = Clic;
			};
			name = Debug;
		};
		862DE45929046F4D00CAD31B /* Release */ = {
			isa = XCBuildConfiguration;
			baseConfigurationReference = 5DA3FCD09D6620917AC0A3FB /* Pods-Clic-ClicUITests.release.xcconfig */;
			buildSettings = {
				ALWAYS_EMBED_SWIFT_STANDARD_LIBRARIES = YES;
				CODE_SIGN_STYLE = Automatic;
				CURRENT_PROJECT_VERSION = 1;
				DEVELOPMENT_TEAM = D37ZSULAQW;
				GENERATE_INFOPLIST_FILE = YES;
				MARKETING_VERSION = 1.0;
				PRODUCT_BUNDLE_IDENTIFIER = com.ritik3411.ClicUITests;
				PRODUCT_NAME = "$(TARGET_NAME)";
				SWIFT_EMIT_LOC_STRINGS = NO;
				SWIFT_VERSION = 5.0;
				TARGETED_DEVICE_FAMILY = "1,2";
				TEST_TARGET_NAME = Clic;
			};
			name = Release;
		};
/* End XCBuildConfiguration section */

/* Begin XCConfigurationList section */
		862DE42229046F4C00CAD31B /* Build configuration list for PBXProject "Clic" */ = {
			isa = XCConfigurationList;
			buildConfigurations = (
				862DE44F29046F4D00CAD31B /* Debug */,
				862DE45029046F4D00CAD31B /* Release */,
			);
			defaultConfigurationIsVisible = 0;
			defaultConfigurationName = Release;
		};
		862DE45129046F4D00CAD31B /* Build configuration list for PBXNativeTarget "Clic" */ = {
			isa = XCConfigurationList;
			buildConfigurations = (
				862DE45229046F4D00CAD31B /* Debug */,
				862DE45329046F4D00CAD31B /* Release */,
			);
			defaultConfigurationIsVisible = 0;
			defaultConfigurationName = Release;
		};
		862DE45429046F4D00CAD31B /* Build configuration list for PBXNativeTarget "ClicTests" */ = {
			isa = XCConfigurationList;
			buildConfigurations = (
				862DE45529046F4D00CAD31B /* Debug */,
				862DE45629046F4D00CAD31B /* Release */,
			);
			defaultConfigurationIsVisible = 0;
			defaultConfigurationName = Release;
		};
		862DE45729046F4D00CAD31B /* Build configuration list for PBXNativeTarget "ClicUITests" */ = {
			isa = XCConfigurationList;
			buildConfigurations = (
				862DE45829046F4D00CAD31B /* Debug */,
				862DE45929046F4D00CAD31B /* Release */,
			);
			defaultConfigurationIsVisible = 0;
			defaultConfigurationName = Release;
		};
/* End XCConfigurationList section */
	};
	rootObject = 862DE41F29046F4C00CAD31B /* Project object */;
}
